// !$*UTF8*$!
{
	archiveVersion = 1;
	classes = {
	};
	objectVersion = 46;
	objects = {

/* Begin PBXBuildFile section */
		0900866F20F27D0C006540E7 /* PreviousValueTableViewCell.swift in Sources */ = {isa = PBXBuildFile; fileRef = 0900866E20F27D0C006540E7 /* PreviousValueTableViewCell.swift */; };
		0900867120F282DE006540E7 /* Globals.swift in Sources */ = {isa = PBXBuildFile; fileRef = 0900867020F282DE006540E7 /* Globals.swift */; };
		0900867320FA7673006540E7 /* BoldActionSectionHeaderView.swift in Sources */ = {isa = PBXBuildFile; fileRef = 0900867220FA7673006540E7 /* BoldActionSectionHeaderView.swift */; };
		0903E60A235CEFE00049E071 /* Localizable.strings in Resources */ = {isa = PBXBuildFile; fileRef = 099582D0234192C400AF6A96 /* Localizable.strings */; };
		090829E224670EEF00F100D6 /* Trophy.swift in Sources */ = {isa = PBXBuildFile; fileRef = 090829E124670EEF00F100D6 /* Trophy.swift */; };
		090829E324670EEF00F100D6 /* Trophy.swift in Sources */ = {isa = PBXBuildFile; fileRef = 090829E124670EEF00F100D6 /* Trophy.swift */; };
		091714CF25290B8D001062E0 /* ChartDrawer.swift in Sources */ = {isa = PBXBuildFile; fileRef = 091714CE25290B8D001062E0 /* ChartDrawer.swift */; };
		091714F125326B40001062E0 /* Plot.swift in Sources */ = {isa = PBXBuildFile; fileRef = 091714F025326B40001062E0 /* Plot.swift */; };
		091714F225326B40001062E0 /* Plot.swift in Sources */ = {isa = PBXBuildFile; fileRef = 091714F025326B40001062E0 /* Plot.swift */; };
		09177BC5241D466F0095ECB4 /* ExportService.swift in Sources */ = {isa = PBXBuildFile; fileRef = 09177BC4241D466E0095ECB4 /* ExportService.swift */; };
		09177BC6241D466F0095ECB4 /* ExportService.swift in Sources */ = {isa = PBXBuildFile; fileRef = 09177BC4241D466E0095ECB4 /* ExportService.swift */; };
		0921049E25BDC73500875BA9 /* LaunchShoe.storyboard in Resources */ = {isa = PBXBuildFile; fileRef = 0921049D25BDC73500875BA9 /* LaunchShoe.storyboard */; };
		092104B425BDD59800875BA9 /* GoalInstructions.swift in Sources */ = {isa = PBXBuildFile; fileRef = 092104B325BDD59800875BA9 /* GoalInstructions.swift */; };
		092276E323569EB10015A1E6 /* HourGraphDetailViewController.xib in Resources */ = {isa = PBXBuildFile; fileRef = 092276E523569EB10015A1E6 /* HourGraphDetailViewController.xib */; };
		0924297724311B580098B0AF /* Localizable.strings in Resources */ = {isa = PBXBuildFile; fileRef = 099582CA234192A600AF6A96 /* Localizable.strings */; };
		09289C7820D873F9005BF6B8 /* GoalNotificationInterfaceController.swift in Sources */ = {isa = PBXBuildFile; fileRef = 09289C7720D873F9005BF6B8 /* GoalNotificationInterfaceController.swift */; };
		09289C7E20DDFF56005BF6B8 /* MainTableViewController.swift in Sources */ = {isa = PBXBuildFile; fileRef = 09289C7D20DDFF56005BF6B8 /* MainTableViewController.swift */; };
		09289C8020DE0AD8005BF6B8 /* TodayHeaderView.swift in Sources */ = {isa = PBXBuildFile; fileRef = 09289C7F20DE0AD8005BF6B8 /* TodayHeaderView.swift */; };
		09289C8220DE131E005BF6B8 /* TodayHeaderView.xib in Resources */ = {isa = PBXBuildFile; fileRef = 09289C8120DE131E005BF6B8 /* TodayHeaderView.xib */; };
		0929A6C724E6F1DC00780004 /* AggregateCollections.swift in Sources */ = {isa = PBXBuildFile; fileRef = 0929A6C624E6F1DC00780004 /* AggregateCollections.swift */; };
		0929A6C824E6F1DC00780004 /* AggregateCollections.swift in Sources */ = {isa = PBXBuildFile; fileRef = 0929A6C624E6F1DC00780004 /* AggregateCollections.swift */; };
		0929A6CA24E6FF3300780004 /* HealthKitError.swift in Sources */ = {isa = PBXBuildFile; fileRef = 0929A6C924E6FF3300780004 /* HealthKitError.swift */; };
		0929A6CB24E6FF3300780004 /* HealthKitError.swift in Sources */ = {isa = PBXBuildFile; fileRef = 0929A6C924E6FF3300780004 /* HealthKitError.swift */; };
		0929A6CD24E7128F00780004 /* Types.swift in Sources */ = {isa = PBXBuildFile; fileRef = 0929A6CC24E7128F00780004 /* Types.swift */; };
		0929A6CE24E7128F00780004 /* Types.swift in Sources */ = {isa = PBXBuildFile; fileRef = 0929A6CC24E7128F00780004 /* Types.swift */; };
		092B0E8A1D45841F00085F99 /* CoreMotionService.swift in Sources */ = {isa = PBXBuildFile; fileRef = 092B0E891D45841F00085F99 /* CoreMotionService.swift */; };
		092B0E8B1D45841F00085F99 /* CoreMotionService.swift in Sources */ = {isa = PBXBuildFile; fileRef = 092B0E891D45841F00085F99 /* CoreMotionService.swift */; };
		0930F7DF25696C7B006123FB /* SetGoalInterfaceController.swift in Sources */ = {isa = PBXBuildFile; fileRef = 0930F7DE25696C7B006123FB /* SetGoalInterfaceController.swift */; };
		09323C711D22C39700961822 /* AppDelegate.swift in Sources */ = {isa = PBXBuildFile; fileRef = 09323C701D22C39700961822 /* AppDelegate.swift */; };
		09323C761D22C39700961822 /* Main.storyboard in Resources */ = {isa = PBXBuildFile; fileRef = 09323C741D22C39700961822 /* Main.storyboard */; };
		09323C781D22C39700961822 /* Assets.xcassets in Resources */ = {isa = PBXBuildFile; fileRef = 09323C771D22C39700961822 /* Assets.xcassets */; };
		09323C801D22C39700961822 /* Duffy WatchKit App.app in Embed Watch Content */ = {isa = PBXBuildFile; fileRef = 09323C7F1D22C39700961822 /* Duffy WatchKit App.app */; };
		09323C881D22C39700961822 /* Assets.xcassets in Resources */ = {isa = PBXBuildFile; fileRef = 09323C871D22C39700961822 /* Assets.xcassets */; };
		09323C8F1D22C39700961822 /* Duffy WatchKit Extension.appex in Embed App Extensions */ = {isa = PBXBuildFile; fileRef = 09323C8E1D22C39700961822 /* Duffy WatchKit Extension.appex */; settings = {ATTRIBUTES = (RemoveHeadersOnCopy, ); }; };
		09323C941D22C39700961822 /* MainInterfaceController.swift in Sources */ = {isa = PBXBuildFile; fileRef = 09323C931D22C39700961822 /* MainInterfaceController.swift */; };
		09323C961D22C39700961822 /* ExtensionDelegate.swift in Sources */ = {isa = PBXBuildFile; fileRef = 09323C951D22C39700961822 /* ExtensionDelegate.swift */; };
		09323C981D22C39700961822 /* ComplicationController.swift in Sources */ = {isa = PBXBuildFile; fileRef = 09323C971D22C39700961822 /* ComplicationController.swift */; };
		09323C9A1D22C39700961822 /* Assets.xcassets in Resources */ = {isa = PBXBuildFile; fileRef = 09323C991D22C39700961822 /* Assets.xcassets */; };
		09323D061D2303BC00961822 /* DuffyFramework.h in Headers */ = {isa = PBXBuildFile; fileRef = 09323D051D2303BC00961822 /* DuffyFramework.h */; settings = {ATTRIBUTES = (Public, ); }; };
		09323D0A1D2303BC00961822 /* DuffyFramework.framework in Frameworks */ = {isa = PBXBuildFile; fileRef = 09323D031D2303BC00961822 /* DuffyFramework.framework */; };
		09323D0B1D2303BC00961822 /* DuffyFramework.framework in Embed Frameworks */ = {isa = PBXBuildFile; fileRef = 09323D031D2303BC00961822 /* DuffyFramework.framework */; settings = {ATTRIBUTES = (CodeSignOnCopy, RemoveHeadersOnCopy, ); }; };
		09323D171D2303DE00961822 /* DuffyWatchFramework.h in Headers */ = {isa = PBXBuildFile; fileRef = 09323D161D2303DE00961822 /* DuffyWatchFramework.h */; settings = {ATTRIBUTES = (Public, ); }; };
		09323D1C1D2303DE00961822 /* DuffyWatchFramework.framework in Embed Frameworks */ = {isa = PBXBuildFile; fileRef = 09323D141D2303DE00961822 /* DuffyWatchFramework.framework */; settings = {ATTRIBUTES = (CodeSignOnCopy, RemoveHeadersOnCopy, ); }; };
		09323D221D23040100961822 /* HealthKitService.swift in Sources */ = {isa = PBXBuildFile; fileRef = 09323D211D23040100961822 /* HealthKitService.swift */; };
		09323D231D23040100961822 /* HealthKitService.swift in Sources */ = {isa = PBXBuildFile; fileRef = 09323D211D23040100961822 /* HealthKitService.swift */; };
		0935D17E21A8D8E100B91009 /* HistoryFilterTableViewController.swift in Sources */ = {isa = PBXBuildFile; fileRef = 0935D17D21A8D8E100B91009 /* HistoryFilterTableViewController.swift */; };
		0937CA3E25447A1700BDDDD3 /* WCSessionMessage.swift in Sources */ = {isa = PBXBuildFile; fileRef = 0937CA3D25447A1700BDDDD3 /* WCSessionMessage.swift */; };
		0937CA3F25447A1700BDDDD3 /* WCSessionMessage.swift in Sources */ = {isa = PBXBuildFile; fileRef = 0937CA3D25447A1700BDDDD3 /* WCSessionMessage.swift */; };
		093A5F0523AEC870007D11E3 /* DebugLogEntry.swift in Sources */ = {isa = PBXBuildFile; fileRef = 093A5F0423AEC870007D11E3 /* DebugLogEntry.swift */; };
		093A5F0623AEC870007D11E3 /* DebugLogEntry.swift in Sources */ = {isa = PBXBuildFile; fileRef = 093A5F0423AEC870007D11E3 /* DebugLogEntry.swift */; };
		093A5F0823B26C1A007D11E3 /* DebugLogTableViewController.swift in Sources */ = {isa = PBXBuildFile; fileRef = 093A5F0723B26C1A007D11E3 /* DebugLogTableViewController.swift */; };
		0947AA9C1D4EB1D80040E1DD /* SummaryInterfaceController.swift in Sources */ = {isa = PBXBuildFile; fileRef = 0947AA9B1D4EB1D80040E1DD /* SummaryInterfaceController.swift */; };
		0947AA9E1D4EB24A0040E1DD /* WeekRowController.swift in Sources */ = {isa = PBXBuildFile; fileRef = 0947AA9D1D4EB24A0040E1DD /* WeekRowController.swift */; };
		094AAF8225D977EB00B145B8 /* Localizable.stringsdict in Resources */ = {isa = PBXBuildFile; fileRef = 094AAF8425D977EB00B145B8 /* Localizable.stringsdict */; };
		094DE71D25E088E7002C31FC /* AboutFooterView.swift in Sources */ = {isa = PBXBuildFile; fileRef = 094DE71C25E088E7002C31FC /* AboutFooterView.swift */; };
		094DE73725E1716D002C31FC /* GoalInstructionsTableViewHeader.swift in Sources */ = {isa = PBXBuildFile; fileRef = 094DE73625E1716D002C31FC /* GoalInstructionsTableViewHeader.swift */; };
		094DE74225E1C9C6002C31FC /* GoalInstructionsTableViewCell.xib in Resources */ = {isa = PBXBuildFile; fileRef = 094DE74025E1C9C6002C31FC /* GoalInstructionsTableViewCell.xib */; };
		094DE74325E1C9C6002C31FC /* GoalInstructionsTableViewCell.swift in Sources */ = {isa = PBXBuildFile; fileRef = 094DE74125E1C9C6002C31FC /* GoalInstructionsTableViewCell.swift */; };
		094F1C5225EC60F0006A1E97 /* UINavigationController+URL.swift in Sources */ = {isa = PBXBuildFile; fileRef = 094F1C5125EC60F0006A1E97 /* UINavigationController+URL.swift */; };
		0955EBF3255851820047D791 /* RingDrawer.swift in Sources */ = {isa = PBXBuildFile; fileRef = 0955EBF2255851820047D791 /* RingDrawer.swift */; };
		0961D905216A9BCF00F4AA88 /* ClockKit.framework in Frameworks */ = {isa = PBXBuildFile; fileRef = 0961D904216A9BCF00F4AA88 /* ClockKit.framework */; settings = {ATTRIBUTES = (Weak, ); }; };
		0961D907216A9F2000F4AA88 /* duffy.ckcomplication in Resources */ = {isa = PBXBuildFile; fileRef = 0961D906216A9F2000F4AA88 /* duffy.ckcomplication */; };
		0967EB791E7F0ACE0073BF3F /* NotificationService.swift in Sources */ = {isa = PBXBuildFile; fileRef = 0967EB781E7F0ACE0073BF3F /* NotificationService.swift */; };
		0967EB7A1E7F0ACE0073BF3F /* NotificationService.swift in Sources */ = {isa = PBXBuildFile; fileRef = 0967EB781E7F0ACE0073BF3F /* NotificationService.swift */; };
		096A4EE61E58D39900CE3D5B /* DuffyFramework.framework in Frameworks */ = {isa = PBXBuildFile; fileRef = 09323D031D2303BC00961822 /* DuffyFramework.framework */; };
		096FE09C2503CA6500838BEE /* Date.swift in Sources */ = {isa = PBXBuildFile; fileRef = 096FE09B2503CA6500838BEE /* Date.swift */; };
		096FE09D2503CA6500838BEE /* Date.swift in Sources */ = {isa = PBXBuildFile; fileRef = 096FE09B2503CA6500838BEE /* Date.swift */; };
		096FE0A825067FC700838BEE /* HistoryTrendChartLineOptionsTableViewController.swift in Sources */ = {isa = PBXBuildFile; fileRef = 096FE0A725067FC700838BEE /* HistoryTrendChartLineOptionsTableViewController.swift */; };
		096FE0AA250E75FF00838BEE /* StepsProcessingService.swift in Sources */ = {isa = PBXBuildFile; fileRef = 096FE0A9250E75FF00838BEE /* StepsProcessingService.swift */; };
		096FE0AB250E75FF00838BEE /* StepsProcessingService.swift in Sources */ = {isa = PBXBuildFile; fileRef = 096FE0A9250E75FF00838BEE /* StepsProcessingService.swift */; };
		097085632127122B00790EC7 /* DistanceFlightsDetailViewController.swift in Sources */ = {isa = PBXBuildFile; fileRef = 097085612127122B00790EC7 /* DistanceFlightsDetailViewController.swift */; };
		097085642127122B00790EC7 /* DistanceFlightsDetailViewController.xib in Resources */ = {isa = PBXBuildFile; fileRef = 097085622127122B00790EC7 /* DistanceFlightsDetailViewController.xib */; };
		09708599214D7A8000790EC7 /* HourGraphDetailViewController.swift in Sources */ = {isa = PBXBuildFile; fileRef = 09708597214D7A8000790EC7 /* HourGraphDetailViewController.swift */; };
		0970859C214DAB8900790EC7 /* HourGraphBarView.swift in Sources */ = {isa = PBXBuildFile; fileRef = 0970859B214DAB8900790EC7 /* HourGraphBarView.swift */; };
		0970859E214EAEB200790EC7 /* HourGraphMaxIndicatorView.swift in Sources */ = {isa = PBXBuildFile; fileRef = 0970859D214EAEB200790EC7 /* HourGraphMaxIndicatorView.swift */; };
		097085A0214F16B600790EC7 /* AppRater.swift in Sources */ = {isa = PBXBuildFile; fileRef = 0970859F214F16B600790EC7 /* AppRater.swift */; };
		097E84FF25DC65D1008D9205 /* GoalInstructionsTableViewController.swift in Sources */ = {isa = PBXBuildFile; fileRef = 097E84FE25DC65D1008D9205 /* GoalInstructionsTableViewController.swift */; };
		097FB10F23CDEAF5001621D4 /* DebugService.swift in Sources */ = {isa = PBXBuildFile; fileRef = 097FB10E23CDEAF5001621D4 /* DebugService.swift */; };
		097FB11023CDEAF5001621D4 /* DebugService.swift in Sources */ = {isa = PBXBuildFile; fileRef = 097FB10E23CDEAF5001621D4 /* DebugService.swift */; };
		09824A8C1EA66C74002A4A84 /* LegacyEditGoalInterfaceController.swift in Sources */ = {isa = PBXBuildFile; fileRef = 09824A8B1EA66C74002A4A84 /* LegacyEditGoalInterfaceController.swift */; };
		0985E6E924F162AC000B4A96 /* HistoryTrendChartOptionsTableViewController.swift in Sources */ = {isa = PBXBuildFile; fileRef = 0985E6E824F162AC000B4A96 /* HistoryTrendChartOptionsTableViewController.swift */; };
		0985E6EB24F174C2000B4A96 /* HistoryTrendChartOption.swift in Sources */ = {isa = PBXBuildFile; fileRef = 0985E6EA24F174C2000B4A96 /* HistoryTrendChartOption.swift */; };
		0985E6EE24F2B4B1000B4A96 /* HistorySummaryTableViewCell.xib in Resources */ = {isa = PBXBuildFile; fileRef = 0985E6EC24F2B4B1000B4A96 /* HistorySummaryTableViewCell.xib */; };
		0985E6EF24F2B4B1000B4A96 /* HistorySummaryTableViewCell.swift in Sources */ = {isa = PBXBuildFile; fileRef = 0985E6ED24F2B4B1000B4A96 /* HistorySummaryTableViewCell.swift */; };
		098D0091259E188A005FE945 /* Globals.swift in Sources */ = {isa = PBXBuildFile; fileRef = 098D0090259E188A005FE945 /* Globals.swift */; };
		099497D8241EC84B005E167C /* Assets.xcassets in Resources */ = {isa = PBXBuildFile; fileRef = 099497D7241EC84B005E167C /* Assets.xcassets */; };
		099497DA242191B9005E167C /* ProgressRingView.swift in Sources */ = {isa = PBXBuildFile; fileRef = 099497D9242191B9005E167C /* ProgressRingView.swift */; };
		099582C8234192A600AF6A96 /* Localizable.strings in Resources */ = {isa = PBXBuildFile; fileRef = 099582CA234192A600AF6A96 /* Localizable.strings */; };
		099582CB234192BE00AF6A96 /* Localizable.strings in Resources */ = {isa = PBXBuildFile; fileRef = 099582CD234192BE00AF6A96 /* Localizable.strings */; };
		099582CE234192C400AF6A96 /* Localizable.strings in Resources */ = {isa = PBXBuildFile; fileRef = 099582D0234192C400AF6A96 /* Localizable.strings */; };
		099C13111DA336C80007C72F /* HealthKit.framework in Frameworks */ = {isa = PBXBuildFile; fileRef = 099C13101DA336C80007C72F /* HealthKit.framework */; };
		099C13131DA336D50007C72F /* HealthKit.framework in Frameworks */ = {isa = PBXBuildFile; fileRef = 099C13121DA336D50007C72F /* HealthKit.framework */; };
		099FE700234EB5300092D219 /* LoggingService.swift in Sources */ = {isa = PBXBuildFile; fileRef = 099FE6FF234EB5300092D219 /* LoggingService.swift */; };
		099FE701234EB5300092D219 /* LoggingService.swift in Sources */ = {isa = PBXBuildFile; fileRef = 099FE6FF234EB5300092D219 /* LoggingService.swift */; };
		099FE702234EBA3C0092D219 /* DuffyWatchFramework.framework in Frameworks */ = {isa = PBXBuildFile; fileRef = 09323D141D2303DE00961822 /* DuffyWatchFramework.framework */; };
		09A0D63125951273008977BD /* Interface.storyboard in Resources */ = {isa = PBXBuildFile; fileRef = 09A0D63025951273008977BD /* Interface.storyboard */; };
		09A7EEAD21A1E89A00DEDE5C /* HistoryTrendChartTableViewCell.swift in Sources */ = {isa = PBXBuildFile; fileRef = 09A7EEAB21A1E89A00DEDE5C /* HistoryTrendChartTableViewCell.swift */; };
		09A7EEAE21A1E89A00DEDE5C /* HistoryTrendChartTableViewCell.xib in Resources */ = {isa = PBXBuildFile; fileRef = 09A7EEAC21A1E89A00DEDE5C /* HistoryTrendChartTableViewCell.xib */; };
		09A7EEB021A39D7100DEDE5C /* HistoryTrendChartView.swift in Sources */ = {isa = PBXBuildFile; fileRef = 09A7EEAF21A39D7100DEDE5C /* HistoryTrendChartView.swift */; };
		09AACE271D318A390058A814 /* HealthCache.swift in Sources */ = {isa = PBXBuildFile; fileRef = 09AACE261D318A390058A814 /* HealthCache.swift */; };
		09AACE281D318A390058A814 /* HealthCache.swift in Sources */ = {isa = PBXBuildFile; fileRef = 09AACE261D318A390058A814 /* HealthCache.swift */; };
		09AACE2A1D318E5D0058A814 /* WCSessionService.swift in Sources */ = {isa = PBXBuildFile; fileRef = 09AACE291D318E5D0058A814 /* WCSessionService.swift */; };
		09AACE2B1D318E5D0058A814 /* WCSessionService.swift in Sources */ = {isa = PBXBuildFile; fileRef = 09AACE291D318E5D0058A814 /* WCSessionService.swift */; };
		09B20DBD24A7AC400037B300 /* LogLevel.swift in Sources */ = {isa = PBXBuildFile; fileRef = 09B20DBC24A7AC3F0037B300 /* LogLevel.swift */; };
		09B20DBE24A7AC400037B300 /* LogLevel.swift in Sources */ = {isa = PBXBuildFile; fileRef = 09B20DBC24A7AC3F0037B300 /* LogLevel.swift */; };
		09BDDA5E219116740078B749 /* AboutTableViewController.swift in Sources */ = {isa = PBXBuildFile; fileRef = 09BDDA5D219116740078B749 /* AboutTableViewController.swift */; };
		09BDDA6421978CD20078B749 /* ButtonFooterView.swift in Sources */ = {isa = PBXBuildFile; fileRef = 09BDDA6321978CD20078B749 /* ButtonFooterView.swift */; };
		09BDDA6821979A940078B749 /* ModalNavigationController.swift in Sources */ = {isa = PBXBuildFile; fileRef = 09BDDA6721979A940078B749 /* ModalNavigationController.swift */; };
		09CC417F231F3DAD0029AAFB /* AboutTableViewFooter.swift in Sources */ = {isa = PBXBuildFile; fileRef = 09CC417E231F3DAD0029AAFB /* AboutTableViewFooter.swift */; };
		09CC4181231F3DC70029AAFB /* AboutTableViewFooter.xib in Resources */ = {isa = PBXBuildFile; fileRef = 09CC4180231F3DC70029AAFB /* AboutTableViewFooter.xib */; };
		09CE42C11E353E7100A6E587 /* HistoryTableViewController.swift in Sources */ = {isa = PBXBuildFile; fileRef = 09CE42C01E353E7100A6E587 /* HistoryTableViewController.swift */; };
		09CE42CA1E35525200A6E587 /* NotificationCenter.framework in Frameworks */ = {isa = PBXBuildFile; fileRef = 09CE42C91E35525200A6E587 /* NotificationCenter.framework */; };
		09CE42CD1E35525200A6E587 /* TodayViewController.swift in Sources */ = {isa = PBXBuildFile; fileRef = 09CE42CC1E35525200A6E587 /* TodayViewController.swift */; };
		09CE42D01E35525200A6E587 /* MainInterface.storyboard in Resources */ = {isa = PBXBuildFile; fileRef = 09CE42CE1E35525200A6E587 /* MainInterface.storyboard */; };
		09CE42D41E35525200A6E587 /* DuffyToday.appex in Embed App Extensions */ = {isa = PBXBuildFile; fileRef = 09CE42C81E35525200A6E587 /* DuffyToday.appex */; settings = {ATTRIBUTES = (RemoveHeadersOnCopy, ); }; };
		09CEA97F211F86DC0023786B /* HistoryTableViewFooter.swift in Sources */ = {isa = PBXBuildFile; fileRef = 09CEA97E211F86DC0023786B /* HistoryTableViewFooter.swift */; };
		09CEA981212259040023786B /* DetailDataView.swift in Sources */ = {isa = PBXBuildFile; fileRef = 09CEA980212259040023786B /* DetailDataView.swift */; };
		09CEA983212259200023786B /* DetailDataView.xib in Resources */ = {isa = PBXBuildFile; fileRef = 09CEA982212259200023786B /* DetailDataView.xib */; };
		09D7F1241E340EA7008FF0CC /* Constants.swift in Sources */ = {isa = PBXBuildFile; fileRef = 09D7F1231E340EA7008FF0CC /* Constants.swift */; };
		09D7F1251E340EA7008FF0CC /* Constants.swift in Sources */ = {isa = PBXBuildFile; fileRef = 09D7F1231E340EA7008FF0CC /* Constants.swift */; };
		09E1778F25F3F6810034A58F /* TrophiesViewController.swift in Sources */ = {isa = PBXBuildFile; fileRef = 09E1778E25F3F6810034A58F /* TrophiesViewController.swift */; };
		09E1779A25F513EA0034A58F /* TrophyCollectionViewCell.xib in Resources */ = {isa = PBXBuildFile; fileRef = 09E1779825F513EA0034A58F /* TrophyCollectionViewCell.xib */; };
		09E1779B25F513EA0034A58F /* TrophyCollectionViewCell.swift in Sources */ = {isa = PBXBuildFile; fileRef = 09E1779925F513EA0034A58F /* TrophyCollectionViewCell.swift */; };
		09EEED8726063E69002731DB /* MainTodayTableViewCell.xib in Resources */ = {isa = PBXBuildFile; fileRef = 09EEED8526063E69002731DB /* MainTodayTableViewCell.xib */; };
		09EEED8826063E69002731DB /* MainTodayTableViewCell.swift in Sources */ = {isa = PBXBuildFile; fileRef = 09EEED8626063E69002731DB /* MainTodayTableViewCell.swift */; };
		09EEED9226064BD2002731DB /* MainTodayItemView.swift in Sources */ = {isa = PBXBuildFile; fileRef = 09EEED9126064BD2002731DB /* MainTodayItemView.swift */; };
		09EEED9826064BE1002731DB /* MainTodayItemView.xib in Resources */ = {isa = PBXBuildFile; fileRef = 09EEED9726064BE1002731DB /* MainTodayItemView.xib */; };
/* End PBXBuildFile section */

/* Begin PBXContainerItemProxy section */
		09323C811D22C39700961822 /* PBXContainerItemProxy */ = {
			isa = PBXContainerItemProxy;
			containerPortal = 09323C651D22C39700961822 /* Project object */;
			proxyType = 1;
			remoteGlobalIDString = 09323C7E1D22C39700961822;
			remoteInfo = "Duffy WatchKit App";
		};
		09323C901D22C39700961822 /* PBXContainerItemProxy */ = {
			isa = PBXContainerItemProxy;
			containerPortal = 09323C651D22C39700961822 /* Project object */;
			proxyType = 1;
			remoteGlobalIDString = 09323C8D1D22C39700961822;
			remoteInfo = "Duffy WatchKit Extension";
		};
		09323D081D2303BC00961822 /* PBXContainerItemProxy */ = {
			isa = PBXContainerItemProxy;
			containerPortal = 09323C651D22C39700961822 /* Project object */;
			proxyType = 1;
			remoteGlobalIDString = 09323D021D2303BC00961822;
			remoteInfo = DuffyFramework;
		};
		09323D191D2303DE00961822 /* PBXContainerItemProxy */ = {
			isa = PBXContainerItemProxy;
			containerPortal = 09323C651D22C39700961822 /* Project object */;
			proxyType = 1;
			remoteGlobalIDString = 09323D131D2303DE00961822;
			remoteInfo = DuffyWatchFramework;
		};
		09CE42D21E35525200A6E587 /* PBXContainerItemProxy */ = {
			isa = PBXContainerItemProxy;
			containerPortal = 09323C651D22C39700961822 /* Project object */;
			proxyType = 1;
			remoteGlobalIDString = 09CE42C71E35525200A6E587;
			remoteInfo = DuffyToday;
		};
/* End PBXContainerItemProxy section */

/* Begin PBXCopyFilesBuildPhase section */
		09323CA11D22C39700961822 /* Embed App Extensions */ = {
			isa = PBXCopyFilesBuildPhase;
			buildActionMask = 2147483647;
			dstPath = "";
			dstSubfolderSpec = 13;
			files = (
				09323C8F1D22C39700961822 /* Duffy WatchKit Extension.appex in Embed App Extensions */,
			);
			name = "Embed App Extensions";
			runOnlyForDeploymentPostprocessing = 0;
		};
		09323CA51D22C39700961822 /* Embed Watch Content */ = {
			isa = PBXCopyFilesBuildPhase;
			buildActionMask = 2147483647;
			dstPath = "$(CONTENTS_FOLDER_PATH)/Watch";
			dstSubfolderSpec = 16;
			files = (
				09323C801D22C39700961822 /* Duffy WatchKit App.app in Embed Watch Content */,
			);
			name = "Embed Watch Content";
			runOnlyForDeploymentPostprocessing = 0;
		};
		09323CD51D22C96B00961822 /* Embed Frameworks */ = {
			isa = PBXCopyFilesBuildPhase;
			buildActionMask = 2147483647;
			dstPath = "";
			dstSubfolderSpec = 10;
			files = (
				09323D0B1D2303BC00961822 /* DuffyFramework.framework in Embed Frameworks */,
			);
			name = "Embed Frameworks";
			runOnlyForDeploymentPostprocessing = 0;
		};
		09323D201D2303DE00961822 /* Embed Frameworks */ = {
			isa = PBXCopyFilesBuildPhase;
			buildActionMask = 2147483647;
			dstPath = "";
			dstSubfolderSpec = 10;
			files = (
				09323D1C1D2303DE00961822 /* DuffyWatchFramework.framework in Embed Frameworks */,
			);
			name = "Embed Frameworks";
			runOnlyForDeploymentPostprocessing = 0;
		};
		09CE42D81E35525200A6E587 /* Embed App Extensions */ = {
			isa = PBXCopyFilesBuildPhase;
			buildActionMask = 2147483647;
			dstPath = "";
			dstSubfolderSpec = 13;
			files = (
				09CE42D41E35525200A6E587 /* DuffyToday.appex in Embed App Extensions */,
			);
			name = "Embed App Extensions";
			runOnlyForDeploymentPostprocessing = 0;
		};
/* End PBXCopyFilesBuildPhase section */

/* Begin PBXFileReference section */
		0900866E20F27D0C006540E7 /* PreviousValueTableViewCell.swift */ = {isa = PBXFileReference; lastKnownFileType = sourcecode.swift; path = PreviousValueTableViewCell.swift; sourceTree = "<group>"; };
		0900867020F282DE006540E7 /* Globals.swift */ = {isa = PBXFileReference; lastKnownFileType = sourcecode.swift; path = Globals.swift; sourceTree = "<group>"; };
		0900867220FA7673006540E7 /* BoldActionSectionHeaderView.swift */ = {isa = PBXFileReference; lastKnownFileType = sourcecode.swift; path = BoldActionSectionHeaderView.swift; sourceTree = "<group>"; };
		0903E604235BCAED0049E071 /* Base */ = {isa = PBXFileReference; lastKnownFileType = file.xib; name = Base; path = Base.lproj/HourGraphDetailViewController.xib; sourceTree = "<group>"; };
		0903E606235BCAED0049E071 /* Base */ = {isa = PBXFileReference; lastKnownFileType = file.storyboard; name = Base; path = Base.lproj/Main.storyboard; sourceTree = "<group>"; };
		0903E609235BCAED0049E071 /* Base */ = {isa = PBXFileReference; lastKnownFileType = file.storyboard; name = Base; path = Base.lproj/MainInterface.storyboard; sourceTree = "<group>"; };
		090829E124670EEF00F100D6 /* Trophy.swift */ = {isa = PBXFileReference; lastKnownFileType = sourcecode.swift; path = Trophy.swift; sourceTree = "<group>"; };
		091714CE25290B8D001062E0 /* ChartDrawer.swift */ = {isa = PBXFileReference; lastKnownFileType = sourcecode.swift; path = ChartDrawer.swift; sourceTree = "<group>"; };
		091714F025326B40001062E0 /* Plot.swift */ = {isa = PBXFileReference; lastKnownFileType = sourcecode.swift; path = Plot.swift; sourceTree = "<group>"; };
		09177BC4241D466E0095ECB4 /* ExportService.swift */ = {isa = PBXFileReference; lastKnownFileType = sourcecode.swift; path = ExportService.swift; sourceTree = "<group>"; };
		0921049D25BDC73500875BA9 /* LaunchShoe.storyboard */ = {isa = PBXFileReference; lastKnownFileType = file.storyboard; path = LaunchShoe.storyboard; sourceTree = "<group>"; };
		092104B325BDD59800875BA9 /* GoalInstructions.swift */ = {isa = PBXFileReference; lastKnownFileType = sourcecode.swift; path = GoalInstructions.swift; sourceTree = "<group>"; };
		092276E623569EB20015A1E6 /* ja */ = {isa = PBXFileReference; lastKnownFileType = file.xib; name = ja; path = ja.lproj/HourGraphDetailViewController.xib; sourceTree = "<group>"; };
		09289C7720D873F9005BF6B8 /* GoalNotificationInterfaceController.swift */ = {isa = PBXFileReference; lastKnownFileType = sourcecode.swift; path = GoalNotificationInterfaceController.swift; sourceTree = "<group>"; };
		09289C7920D87856005BF6B8 /* GoalNotificationPayload.apns */ = {isa = PBXFileReference; lastKnownFileType = text; path = GoalNotificationPayload.apns; sourceTree = "<group>"; };
		09289C7D20DDFF56005BF6B8 /* MainTableViewController.swift */ = {isa = PBXFileReference; lastKnownFileType = sourcecode.swift; path = MainTableViewController.swift; sourceTree = "<group>"; };
		09289C7F20DE0AD8005BF6B8 /* TodayHeaderView.swift */ = {isa = PBXFileReference; lastKnownFileType = sourcecode.swift; path = TodayHeaderView.swift; sourceTree = "<group>"; };
		09289C8120DE131E005BF6B8 /* TodayHeaderView.xib */ = {isa = PBXFileReference; lastKnownFileType = file.xib; path = TodayHeaderView.xib; sourceTree = "<group>"; };
		0929A6C624E6F1DC00780004 /* AggregateCollections.swift */ = {isa = PBXFileReference; lastKnownFileType = sourcecode.swift; path = AggregateCollections.swift; sourceTree = "<group>"; };
		0929A6C924E6FF3300780004 /* HealthKitError.swift */ = {isa = PBXFileReference; lastKnownFileType = sourcecode.swift; path = HealthKitError.swift; sourceTree = "<group>"; };
		0929A6CC24E7128F00780004 /* Types.swift */ = {isa = PBXFileReference; lastKnownFileType = sourcecode.swift; path = Types.swift; sourceTree = "<group>"; };
		092B0E891D45841F00085F99 /* CoreMotionService.swift */ = {isa = PBXFileReference; fileEncoding = 4; lastKnownFileType = sourcecode.swift; path = CoreMotionService.swift; sourceTree = "<group>"; };
		0930F7DE25696C7B006123FB /* SetGoalInterfaceController.swift */ = {isa = PBXFileReference; lastKnownFileType = sourcecode.swift; path = SetGoalInterfaceController.swift; sourceTree = "<group>"; };
		09323C6D1D22C39700961822 /* Duffy.app */ = {isa = PBXFileReference; explicitFileType = wrapper.application; includeInIndex = 0; path = Duffy.app; sourceTree = BUILT_PRODUCTS_DIR; };
		09323C701D22C39700961822 /* AppDelegate.swift */ = {isa = PBXFileReference; lastKnownFileType = sourcecode.swift; path = AppDelegate.swift; sourceTree = "<group>"; };
		09323C771D22C39700961822 /* Assets.xcassets */ = {isa = PBXFileReference; lastKnownFileType = folder.assetcatalog; path = Assets.xcassets; sourceTree = "<group>"; };
		09323C7C1D22C39700961822 /* Info.plist */ = {isa = PBXFileReference; lastKnownFileType = text.plist.xml; path = Info.plist; sourceTree = "<group>"; };
		09323C7F1D22C39700961822 /* Duffy WatchKit App.app */ = {isa = PBXFileReference; explicitFileType = wrapper.application; includeInIndex = 0; path = "Duffy WatchKit App.app"; sourceTree = BUILT_PRODUCTS_DIR; };
		09323C871D22C39700961822 /* Assets.xcassets */ = {isa = PBXFileReference; lastKnownFileType = folder.assetcatalog; path = Assets.xcassets; sourceTree = "<group>"; };
		09323C891D22C39700961822 /* Info.plist */ = {isa = PBXFileReference; lastKnownFileType = text.plist.xml; path = Info.plist; sourceTree = "<group>"; };
		09323C8E1D22C39700961822 /* Duffy WatchKit Extension.appex */ = {isa = PBXFileReference; explicitFileType = "wrapper.app-extension"; includeInIndex = 0; path = "Duffy WatchKit Extension.appex"; sourceTree = BUILT_PRODUCTS_DIR; };
		09323C931D22C39700961822 /* MainInterfaceController.swift */ = {isa = PBXFileReference; lastKnownFileType = sourcecode.swift; path = MainInterfaceController.swift; sourceTree = "<group>"; };
		09323C951D22C39700961822 /* ExtensionDelegate.swift */ = {isa = PBXFileReference; lastKnownFileType = sourcecode.swift; path = ExtensionDelegate.swift; sourceTree = "<group>"; };
		09323C971D22C39700961822 /* ComplicationController.swift */ = {isa = PBXFileReference; lastKnownFileType = sourcecode.swift; path = ComplicationController.swift; sourceTree = "<group>"; };
		09323C991D22C39700961822 /* Assets.xcassets */ = {isa = PBXFileReference; lastKnownFileType = folder.assetcatalog; path = Assets.xcassets; sourceTree = "<group>"; };
		09323C9B1D22C39700961822 /* Info.plist */ = {isa = PBXFileReference; lastKnownFileType = text.plist.xml; path = Info.plist; sourceTree = "<group>"; };
		09323CFA1D23027500961822 /* Duffy.entitlements */ = {isa = PBXFileReference; lastKnownFileType = text.xml; path = Duffy.entitlements; sourceTree = "<group>"; };
		09323CFB1D2302A800961822 /* Duffy WatchKit Extension.entitlements */ = {isa = PBXFileReference; lastKnownFileType = text.xml; path = "Duffy WatchKit Extension.entitlements"; sourceTree = "<group>"; };
		09323D031D2303BC00961822 /* DuffyFramework.framework */ = {isa = PBXFileReference; explicitFileType = wrapper.framework; includeInIndex = 0; path = DuffyFramework.framework; sourceTree = BUILT_PRODUCTS_DIR; };
		09323D051D2303BC00961822 /* DuffyFramework.h */ = {isa = PBXFileReference; lastKnownFileType = sourcecode.c.h; path = DuffyFramework.h; sourceTree = "<group>"; };
		09323D071D2303BC00961822 /* Info.plist */ = {isa = PBXFileReference; lastKnownFileType = text.plist.xml; path = Info.plist; sourceTree = "<group>"; };
		09323D141D2303DE00961822 /* DuffyWatchFramework.framework */ = {isa = PBXFileReference; explicitFileType = wrapper.framework; includeInIndex = 0; path = DuffyWatchFramework.framework; sourceTree = BUILT_PRODUCTS_DIR; };
		09323D161D2303DE00961822 /* DuffyWatchFramework.h */ = {isa = PBXFileReference; lastKnownFileType = sourcecode.c.h; name = DuffyWatchFramework.h; path = ../DuffyWatchFramework/DuffyWatchFramework.h; sourceTree = "<group>"; };
		09323D211D23040100961822 /* HealthKitService.swift */ = {isa = PBXFileReference; fileEncoding = 4; lastKnownFileType = sourcecode.swift; path = HealthKitService.swift; sourceTree = "<group>"; };
		0935D17D21A8D8E100B91009 /* HistoryFilterTableViewController.swift */ = {isa = PBXFileReference; lastKnownFileType = sourcecode.swift; path = HistoryFilterTableViewController.swift; sourceTree = "<group>"; };
		0937CA3D25447A1700BDDDD3 /* WCSessionMessage.swift */ = {isa = PBXFileReference; lastKnownFileType = sourcecode.swift; path = WCSessionMessage.swift; sourceTree = "<group>"; };
		093A5F0423AEC870007D11E3 /* DebugLogEntry.swift */ = {isa = PBXFileReference; lastKnownFileType = sourcecode.swift; path = DebugLogEntry.swift; sourceTree = "<group>"; };
		093A5F0723B26C1A007D11E3 /* DebugLogTableViewController.swift */ = {isa = PBXFileReference; lastKnownFileType = sourcecode.swift; path = DebugLogTableViewController.swift; sourceTree = "<group>"; };
		0947AA9B1D4EB1D80040E1DD /* SummaryInterfaceController.swift */ = {isa = PBXFileReference; fileEncoding = 4; lastKnownFileType = sourcecode.swift; path = SummaryInterfaceController.swift; sourceTree = "<group>"; };
		0947AA9D1D4EB24A0040E1DD /* WeekRowController.swift */ = {isa = PBXFileReference; fileEncoding = 4; lastKnownFileType = sourcecode.swift; path = WeekRowController.swift; sourceTree = "<group>"; };
		094AAF8325D977EB00B145B8 /* en */ = {isa = PBXFileReference; lastKnownFileType = text.plist.stringsdict; name = en; path = en.lproj/Localizable.stringsdict; sourceTree = "<group>"; };
		094AAF8925D977EF00B145B8 /* ja */ = {isa = PBXFileReference; lastKnownFileType = text.plist.stringsdict; name = ja; path = ja.lproj/Localizable.stringsdict; sourceTree = "<group>"; };
		094DE71C25E088E7002C31FC /* AboutFooterView.swift */ = {isa = PBXFileReference; lastKnownFileType = sourcecode.swift; path = AboutFooterView.swift; sourceTree = "<group>"; };
		094DE73625E1716D002C31FC /* GoalInstructionsTableViewHeader.swift */ = {isa = PBXFileReference; lastKnownFileType = sourcecode.swift; path = GoalInstructionsTableViewHeader.swift; sourceTree = "<group>"; };
		094DE74025E1C9C6002C31FC /* GoalInstructionsTableViewCell.xib */ = {isa = PBXFileReference; lastKnownFileType = file.xib; path = GoalInstructionsTableViewCell.xib; sourceTree = "<group>"; };
		094DE74125E1C9C6002C31FC /* GoalInstructionsTableViewCell.swift */ = {isa = PBXFileReference; lastKnownFileType = sourcecode.swift; path = GoalInstructionsTableViewCell.swift; sourceTree = "<group>"; };
		094F1C5125EC60F0006A1E97 /* UINavigationController+URL.swift */ = {isa = PBXFileReference; lastKnownFileType = sourcecode.swift; path = "UINavigationController+URL.swift"; sourceTree = "<group>"; };
		0955EBF2255851820047D791 /* RingDrawer.swift */ = {isa = PBXFileReference; lastKnownFileType = sourcecode.swift; path = RingDrawer.swift; sourceTree = "<group>"; };
		0961D904216A9BCF00F4AA88 /* ClockKit.framework */ = {isa = PBXFileReference; lastKnownFileType = wrapper.framework; name = ClockKit.framework; path = Platforms/WatchOS.platform/Developer/SDKs/WatchOS5.0.sdk/System/Library/Frameworks/ClockKit.framework; sourceTree = DEVELOPER_DIR; };
		0961D906216A9F2000F4AA88 /* duffy.ckcomplication */ = {isa = PBXFileReference; lastKnownFileType = folder; path = duffy.ckcomplication; sourceTree = "<group>"; };
		0967EB781E7F0ACE0073BF3F /* NotificationService.swift */ = {isa = PBXFileReference; fileEncoding = 4; lastKnownFileType = sourcecode.swift; path = NotificationService.swift; sourceTree = "<group>"; };
		096FE09B2503CA6500838BEE /* Date.swift */ = {isa = PBXFileReference; lastKnownFileType = sourcecode.swift; path = Date.swift; sourceTree = "<group>"; };
		096FE0A725067FC700838BEE /* HistoryTrendChartLineOptionsTableViewController.swift */ = {isa = PBXFileReference; lastKnownFileType = sourcecode.swift; path = HistoryTrendChartLineOptionsTableViewController.swift; sourceTree = "<group>"; };
		096FE0A9250E75FF00838BEE /* StepsProcessingService.swift */ = {isa = PBXFileReference; lastKnownFileType = sourcecode.swift; path = StepsProcessingService.swift; sourceTree = "<group>"; };
		097085612127122B00790EC7 /* DistanceFlightsDetailViewController.swift */ = {isa = PBXFileReference; lastKnownFileType = sourcecode.swift; path = DistanceFlightsDetailViewController.swift; sourceTree = "<group>"; };
		097085622127122B00790EC7 /* DistanceFlightsDetailViewController.xib */ = {isa = PBXFileReference; lastKnownFileType = file.xib; path = DistanceFlightsDetailViewController.xib; sourceTree = "<group>"; };
		09708597214D7A8000790EC7 /* HourGraphDetailViewController.swift */ = {isa = PBXFileReference; lastKnownFileType = sourcecode.swift; path = HourGraphDetailViewController.swift; sourceTree = "<group>"; };
		0970859B214DAB8900790EC7 /* HourGraphBarView.swift */ = {isa = PBXFileReference; lastKnownFileType = sourcecode.swift; path = HourGraphBarView.swift; sourceTree = "<group>"; };
		0970859D214EAEB200790EC7 /* HourGraphMaxIndicatorView.swift */ = {isa = PBXFileReference; lastKnownFileType = sourcecode.swift; path = HourGraphMaxIndicatorView.swift; sourceTree = "<group>"; };
		0970859F214F16B600790EC7 /* AppRater.swift */ = {isa = PBXFileReference; lastKnownFileType = sourcecode.swift; path = AppRater.swift; sourceTree = "<group>"; };
		097E84FE25DC65D1008D9205 /* GoalInstructionsTableViewController.swift */ = {isa = PBXFileReference; lastKnownFileType = sourcecode.swift; path = GoalInstructionsTableViewController.swift; sourceTree = "<group>"; };
		097FB10E23CDEAF5001621D4 /* DebugService.swift */ = {isa = PBXFileReference; lastKnownFileType = sourcecode.swift; path = DebugService.swift; sourceTree = "<group>"; };
		09824A8B1EA66C74002A4A84 /* LegacyEditGoalInterfaceController.swift */ = {isa = PBXFileReference; fileEncoding = 4; lastKnownFileType = sourcecode.swift; path = LegacyEditGoalInterfaceController.swift; sourceTree = "<group>"; };
		0985E6E824F162AC000B4A96 /* HistoryTrendChartOptionsTableViewController.swift */ = {isa = PBXFileReference; lastKnownFileType = sourcecode.swift; path = HistoryTrendChartOptionsTableViewController.swift; sourceTree = "<group>"; };
		0985E6EA24F174C2000B4A96 /* HistoryTrendChartOption.swift */ = {isa = PBXFileReference; lastKnownFileType = sourcecode.swift; path = HistoryTrendChartOption.swift; sourceTree = "<group>"; };
		0985E6EC24F2B4B1000B4A96 /* HistorySummaryTableViewCell.xib */ = {isa = PBXFileReference; lastKnownFileType = file.xib; path = HistorySummaryTableViewCell.xib; sourceTree = "<group>"; };
		0985E6ED24F2B4B1000B4A96 /* HistorySummaryTableViewCell.swift */ = {isa = PBXFileReference; lastKnownFileType = sourcecode.swift; path = HistorySummaryTableViewCell.swift; sourceTree = "<group>"; };
		098D0090259E188A005FE945 /* Globals.swift */ = {isa = PBXFileReference; lastKnownFileType = sourcecode.swift; path = Globals.swift; sourceTree = "<group>"; };
		099497D7241EC84B005E167C /* Assets.xcassets */ = {isa = PBXFileReference; lastKnownFileType = folder.assetcatalog; path = Assets.xcassets; sourceTree = "<group>"; };
		099497D9242191B9005E167C /* ProgressRingView.swift */ = {isa = PBXFileReference; lastKnownFileType = sourcecode.swift; path = ProgressRingView.swift; sourceTree = "<group>"; };
		099582C9234192A600AF6A96 /* en */ = {isa = PBXFileReference; lastKnownFileType = text.plist.strings; name = en; path = en.lproj/Localizable.strings; sourceTree = "<group>"; };
		099582CC234192BE00AF6A96 /* en */ = {isa = PBXFileReference; lastKnownFileType = text.plist.strings; name = en; path = en.lproj/Localizable.strings; sourceTree = "<group>"; };
		099582CF234192C400AF6A96 /* en */ = {isa = PBXFileReference; lastKnownFileType = text.plist.strings; name = en; path = en.lproj/Localizable.strings; sourceTree = "<group>"; };
		099582D1234192E900AF6A96 /* ja */ = {isa = PBXFileReference; lastKnownFileType = file.storyboard; name = ja; path = ja.lproj/Main.storyboard; sourceTree = "<group>"; };
		099582D3234192E900AF6A96 /* ja */ = {isa = PBXFileReference; lastKnownFileType = text.plist.strings; name = ja; path = ja.lproj/Localizable.strings; sourceTree = "<group>"; };
		099582D5234192EA00AF6A96 /* ja */ = {isa = PBXFileReference; lastKnownFileType = text.plist.strings; name = ja; path = ja.lproj/Localizable.strings; sourceTree = "<group>"; };
		099582D6234192EA00AF6A96 /* ja */ = {isa = PBXFileReference; lastKnownFileType = text.plist.strings; name = ja; path = ja.lproj/Localizable.strings; sourceTree = "<group>"; };
		099C13101DA336C80007C72F /* HealthKit.framework */ = {isa = PBXFileReference; lastKnownFileType = wrapper.framework; name = HealthKit.framework; path = System/Library/Frameworks/HealthKit.framework; sourceTree = SDKROOT; };
		099C13121DA336D50007C72F /* HealthKit.framework */ = {isa = PBXFileReference; lastKnownFileType = wrapper.framework; name = HealthKit.framework; path = Platforms/WatchOS.platform/Developer/SDKs/WatchOS3.0.sdk/System/Library/Frameworks/HealthKit.framework; sourceTree = DEVELOPER_DIR; };
		099FE6FF234EB5300092D219 /* LoggingService.swift */ = {isa = PBXFileReference; lastKnownFileType = sourcecode.swift; path = LoggingService.swift; sourceTree = "<group>"; };
		09A0D63025951273008977BD /* Interface.storyboard */ = {isa = PBXFileReference; fileEncoding = 4; lastKnownFileType = file.storyboard; path = Interface.storyboard; sourceTree = "<group>"; };
		09A7EEAB21A1E89A00DEDE5C /* HistoryTrendChartTableViewCell.swift */ = {isa = PBXFileReference; lastKnownFileType = sourcecode.swift; path = HistoryTrendChartTableViewCell.swift; sourceTree = "<group>"; };
		09A7EEAC21A1E89A00DEDE5C /* HistoryTrendChartTableViewCell.xib */ = {isa = PBXFileReference; lastKnownFileType = file.xib; path = HistoryTrendChartTableViewCell.xib; sourceTree = "<group>"; };
		09A7EEAF21A39D7100DEDE5C /* HistoryTrendChartView.swift */ = {isa = PBXFileReference; lastKnownFileType = sourcecode.swift; path = HistoryTrendChartView.swift; sourceTree = "<group>"; };
		09AACE261D318A390058A814 /* HealthCache.swift */ = {isa = PBXFileReference; fileEncoding = 4; lastKnownFileType = sourcecode.swift; path = HealthCache.swift; sourceTree = "<group>"; };
		09AACE291D318E5D0058A814 /* WCSessionService.swift */ = {isa = PBXFileReference; fileEncoding = 4; lastKnownFileType = sourcecode.swift; path = WCSessionService.swift; sourceTree = "<group>"; };
		09B20DBC24A7AC3F0037B300 /* LogLevel.swift */ = {isa = PBXFileReference; lastKnownFileType = sourcecode.swift; path = LogLevel.swift; sourceTree = "<group>"; };
		09BDDA5D219116740078B749 /* AboutTableViewController.swift */ = {isa = PBXFileReference; lastKnownFileType = sourcecode.swift; path = AboutTableViewController.swift; sourceTree = "<group>"; };
		09BDDA6321978CD20078B749 /* ButtonFooterView.swift */ = {isa = PBXFileReference; lastKnownFileType = sourcecode.swift; path = ButtonFooterView.swift; sourceTree = "<group>"; };
		09BDDA6721979A940078B749 /* ModalNavigationController.swift */ = {isa = PBXFileReference; lastKnownFileType = sourcecode.swift; path = ModalNavigationController.swift; sourceTree = "<group>"; };
		09CC417E231F3DAD0029AAFB /* AboutTableViewFooter.swift */ = {isa = PBXFileReference; lastKnownFileType = sourcecode.swift; path = AboutTableViewFooter.swift; sourceTree = "<group>"; };
		09CC4180231F3DC70029AAFB /* AboutTableViewFooter.xib */ = {isa = PBXFileReference; lastKnownFileType = file.xib; path = AboutTableViewFooter.xib; sourceTree = "<group>"; };
		09CE42C01E353E7100A6E587 /* HistoryTableViewController.swift */ = {isa = PBXFileReference; fileEncoding = 4; lastKnownFileType = sourcecode.swift; path = HistoryTableViewController.swift; sourceTree = "<group>"; };
		09CE42C81E35525200A6E587 /* DuffyToday.appex */ = {isa = PBXFileReference; explicitFileType = "wrapper.app-extension"; includeInIndex = 0; path = DuffyToday.appex; sourceTree = BUILT_PRODUCTS_DIR; };
		09CE42C91E35525200A6E587 /* NotificationCenter.framework */ = {isa = PBXFileReference; lastKnownFileType = wrapper.framework; name = NotificationCenter.framework; path = System/Library/Frameworks/NotificationCenter.framework; sourceTree = SDKROOT; };
		09CE42CC1E35525200A6E587 /* TodayViewController.swift */ = {isa = PBXFileReference; lastKnownFileType = sourcecode.swift; path = TodayViewController.swift; sourceTree = "<group>"; };
		09CE42D11E35525200A6E587 /* Info.plist */ = {isa = PBXFileReference; lastKnownFileType = text.plist.xml; path = Info.plist; sourceTree = "<group>"; };
		09CE42D91E35640E00A6E587 /* DuffyToday.entitlements */ = {isa = PBXFileReference; lastKnownFileType = text.plist.entitlements; path = DuffyToday.entitlements; sourceTree = "<group>"; };
		09CEA97E211F86DC0023786B /* HistoryTableViewFooter.swift */ = {isa = PBXFileReference; lastKnownFileType = sourcecode.swift; path = HistoryTableViewFooter.swift; sourceTree = "<group>"; };
		09CEA980212259040023786B /* DetailDataView.swift */ = {isa = PBXFileReference; lastKnownFileType = sourcecode.swift; path = DetailDataView.swift; sourceTree = "<group>"; };
		09CEA982212259200023786B /* DetailDataView.xib */ = {isa = PBXFileReference; lastKnownFileType = file.xib; path = DetailDataView.xib; sourceTree = "<group>"; };
		09D7F1231E340EA7008FF0CC /* Constants.swift */ = {isa = PBXFileReference; fileEncoding = 4; lastKnownFileType = sourcecode.swift; path = Constants.swift; sourceTree = "<group>"; };
		09E1778E25F3F6810034A58F /* TrophiesViewController.swift */ = {isa = PBXFileReference; lastKnownFileType = sourcecode.swift; path = TrophiesViewController.swift; sourceTree = "<group>"; };
		09E1779825F513EA0034A58F /* TrophyCollectionViewCell.xib */ = {isa = PBXFileReference; lastKnownFileType = file.xib; path = TrophyCollectionViewCell.xib; sourceTree = "<group>"; };
		09E1779925F513EA0034A58F /* TrophyCollectionViewCell.swift */ = {isa = PBXFileReference; lastKnownFileType = sourcecode.swift; path = TrophyCollectionViewCell.swift; sourceTree = "<group>"; };
		09EEED8526063E69002731DB /* MainTodayTableViewCell.xib */ = {isa = PBXFileReference; lastKnownFileType = file.xib; path = MainTodayTableViewCell.xib; sourceTree = "<group>"; };
		09EEED8626063E69002731DB /* MainTodayTableViewCell.swift */ = {isa = PBXFileReference; lastKnownFileType = sourcecode.swift; path = MainTodayTableViewCell.swift; sourceTree = "<group>"; };
		09EEED9126064BD2002731DB /* MainTodayItemView.swift */ = {isa = PBXFileReference; lastKnownFileType = sourcecode.swift; path = MainTodayItemView.swift; sourceTree = "<group>"; };
		09EEED9726064BE1002731DB /* MainTodayItemView.xib */ = {isa = PBXFileReference; lastKnownFileType = file.xib; path = MainTodayItemView.xib; sourceTree = "<group>"; };
/* End PBXFileReference section */

/* Begin PBXFrameworksBuildPhase section */
		09323C6A1D22C39700961822 /* Frameworks */ = {
			isa = PBXFrameworksBuildPhase;
			buildActionMask = 2147483647;
			files = (
				09323D0A1D2303BC00961822 /* DuffyFramework.framework in Frameworks */,
				099C13111DA336C80007C72F /* HealthKit.framework in Frameworks */,
			);
			runOnlyForDeploymentPostprocessing = 0;
		};
		09323C8B1D22C39700961822 /* Frameworks */ = {
			isa = PBXFrameworksBuildPhase;
			buildActionMask = 2147483647;
			files = (
				099FE702234EBA3C0092D219 /* DuffyWatchFramework.framework in Frameworks */,
				0961D905216A9BCF00F4AA88 /* ClockKit.framework in Frameworks */,
				099C13131DA336D50007C72F /* HealthKit.framework in Frameworks */,
			);
			runOnlyForDeploymentPostprocessing = 0;
		};
		09323CFF1D2303BC00961822 /* Frameworks */ = {
			isa = PBXFrameworksBuildPhase;
			buildActionMask = 2147483647;
			files = (
			);
			runOnlyForDeploymentPostprocessing = 0;
		};
		09323D101D2303DE00961822 /* Frameworks */ = {
			isa = PBXFrameworksBuildPhase;
			buildActionMask = 2147483647;
			files = (
			);
			runOnlyForDeploymentPostprocessing = 0;
		};
		09CE42C51E35525200A6E587 /* Frameworks */ = {
			isa = PBXFrameworksBuildPhase;
			buildActionMask = 2147483647;
			files = (
				096A4EE61E58D39900CE3D5B /* DuffyFramework.framework in Frameworks */,
				09CE42CA1E35525200A6E587 /* NotificationCenter.framework in Frameworks */,
			);
			runOnlyForDeploymentPostprocessing = 0;
		};
/* End PBXFrameworksBuildPhase section */

/* Begin PBXGroup section */
		09323C641D22C39700961822 = {
			isa = PBXGroup;
			children = (
				09323C6F1D22C39700961822 /* Duffy */,
				09323C831D22C39700961822 /* Duffy WatchKit App */,
				09323C921D22C39700961822 /* Duffy WatchKit Extension */,
				09323D041D2303BC00961822 /* DuffyFramework */,
				09CE42CB1E35525200A6E587 /* DuffyToday */,
				09323C6E1D22C39700961822 /* Products */,
				099C130F1DA336C80007C72F /* Frameworks */,
			);
			sourceTree = "<group>";
		};
		09323C6E1D22C39700961822 /* Products */ = {
			isa = PBXGroup;
			children = (
				09323C6D1D22C39700961822 /* Duffy.app */,
				09323C7F1D22C39700961822 /* Duffy WatchKit App.app */,
				09323C8E1D22C39700961822 /* Duffy WatchKit Extension.appex */,
				09323D031D2303BC00961822 /* DuffyFramework.framework */,
				09323D141D2303DE00961822 /* DuffyWatchFramework.framework */,
				09CE42C81E35525200A6E587 /* DuffyToday.appex */,
			);
			name = Products;
			sourceTree = "<group>";
		};
		09323C6F1D22C39700961822 /* Duffy */ = {
			isa = PBXGroup;
			children = (
				0961D906216A9F2000F4AA88 /* duffy.ckcomplication */,
				09323CFA1D23027500961822 /* Duffy.entitlements */,
				09323C701D22C39700961822 /* AppDelegate.swift */,
				0970859F214F16B600790EC7 /* AppRater.swift */,
				0900867020F282DE006540E7 /* Globals.swift */,
				09EEED8026063BE2002731DB /* Reusable */,
				09289C7D20DDFF56005BF6B8 /* MainTableViewController.swift */,
				09EEED8526063E69002731DB /* MainTodayTableViewCell.xib */,
				09EEED8626063E69002731DB /* MainTodayTableViewCell.swift */,
				09EEED9126064BD2002731DB /* MainTodayItemView.swift */,
				09EEED9726064BE1002731DB /* MainTodayItemView.xib */,
				09EEED7726063B98002731DB /* Old Today */,
				09708597214D7A8000790EC7 /* HourGraphDetailViewController.swift */,
				092276E523569EB10015A1E6 /* HourGraphDetailViewController.xib */,
				0970859B214DAB8900790EC7 /* HourGraphBarView.swift */,
				0970859D214EAEB200790EC7 /* HourGraphMaxIndicatorView.swift */,
				094DE71C25E088E7002C31FC /* AboutFooterView.swift */,
				09BDDA5D219116740078B749 /* AboutTableViewController.swift */,
				09CC417E231F3DAD0029AAFB /* AboutTableViewFooter.swift */,
				09CC4180231F3DC70029AAFB /* AboutTableViewFooter.xib */,
				093A5F0723B26C1A007D11E3 /* DebugLogTableViewController.swift */,
				09CE42C01E353E7100A6E587 /* HistoryTableViewController.swift */,
				09A7EEAB21A1E89A00DEDE5C /* HistoryTrendChartTableViewCell.swift */,
				09A7EEAC21A1E89A00DEDE5C /* HistoryTrendChartTableViewCell.xib */,
				09A7EEAF21A39D7100DEDE5C /* HistoryTrendChartView.swift */,
				0985E6E824F162AC000B4A96 /* HistoryTrendChartOptionsTableViewController.swift */,
				096FE0A725067FC700838BEE /* HistoryTrendChartLineOptionsTableViewController.swift */,
				0985E6EA24F174C2000B4A96 /* HistoryTrendChartOption.swift */,
				0985E6EC24F2B4B1000B4A96 /* HistorySummaryTableViewCell.xib */,
				0985E6ED24F2B4B1000B4A96 /* HistorySummaryTableViewCell.swift */,
				0935D17D21A8D8E100B91009 /* HistoryFilterTableViewController.swift */,
				09CEA97E211F86DC0023786B /* HistoryTableViewFooter.swift */,
				092104B325BDD59800875BA9 /* GoalInstructions.swift */,
				097E84FE25DC65D1008D9205 /* GoalInstructionsTableViewController.swift */,
				094DE73625E1716D002C31FC /* GoalInstructionsTableViewHeader.swift */,
				094DE74025E1C9C6002C31FC /* GoalInstructionsTableViewCell.xib */,
				094DE74125E1C9C6002C31FC /* GoalInstructionsTableViewCell.swift */,
				09E1778E25F3F6810034A58F /* TrophiesViewController.swift */,
				09E1779925F513EA0034A58F /* TrophyCollectionViewCell.swift */,
				09E1779825F513EA0034A58F /* TrophyCollectionViewCell.xib */,
				09323C741D22C39700961822 /* Main.storyboard */,
				09323C771D22C39700961822 /* Assets.xcassets */,
				0921049D25BDC73500875BA9 /* LaunchShoe.storyboard */,
				09323C7C1D22C39700961822 /* Info.plist */,
				099582CA234192A600AF6A96 /* Localizable.strings */,
				094AAF8425D977EB00B145B8 /* Localizable.stringsdict */,
			);
			path = Duffy;
			sourceTree = "<group>";
		};
		09323C831D22C39700961822 /* Duffy WatchKit App */ = {
			isa = PBXGroup;
			children = (
				09A0D63025951273008977BD /* Interface.storyboard */,
				09323C871D22C39700961822 /* Assets.xcassets */,
				09323C891D22C39700961822 /* Info.plist */,
			);
			path = "Duffy WatchKit App";
			sourceTree = "<group>";
		};
		09323C921D22C39700961822 /* Duffy WatchKit Extension */ = {
			isa = PBXGroup;
			children = (
				09323CFB1D2302A800961822 /* Duffy WatchKit Extension.entitlements */,
				098D0090259E188A005FE945 /* Globals.swift */,
				09323C931D22C39700961822 /* MainInterfaceController.swift */,
				0947AA9B1D4EB1D80040E1DD /* SummaryInterfaceController.swift */,
				091714CE25290B8D001062E0 /* ChartDrawer.swift */,
				0955EBF2255851820047D791 /* RingDrawer.swift */,
				0947AA9D1D4EB24A0040E1DD /* WeekRowController.swift */,
				0930F7DE25696C7B006123FB /* SetGoalInterfaceController.swift */,
				09824A8B1EA66C74002A4A84 /* LegacyEditGoalInterfaceController.swift */,
				09323C951D22C39700961822 /* ExtensionDelegate.swift */,
				09323C971D22C39700961822 /* ComplicationController.swift */,
				09289C7720D873F9005BF6B8 /* GoalNotificationInterfaceController.swift */,
				09323C991D22C39700961822 /* Assets.xcassets */,
				09323C9B1D22C39700961822 /* Info.plist */,
				09289C7920D87856005BF6B8 /* GoalNotificationPayload.apns */,
				099582CD234192BE00AF6A96 /* Localizable.strings */,
			);
			path = "Duffy WatchKit Extension";
			sourceTree = "<group>";
		};
		09323D041D2303BC00961822 /* DuffyFramework */ = {
			isa = PBXGroup;
			children = (
				09323D161D2303DE00961822 /* DuffyWatchFramework.h */,
				09323D051D2303BC00961822 /* DuffyFramework.h */,
				09323D071D2303BC00961822 /* Info.plist */,
				0929A6C624E6F1DC00780004 /* AggregateCollections.swift */,
				096FE09B2503CA6500838BEE /* Date.swift */,
				0929A6CC24E7128F00780004 /* Types.swift */,
				096FE0A9250E75FF00838BEE /* StepsProcessingService.swift */,
				0929A6C924E6FF3300780004 /* HealthKitError.swift */,
				09323D211D23040100961822 /* HealthKitService.swift */,
				09AACE261D318A390058A814 /* HealthCache.swift */,
				09AACE291D318E5D0058A814 /* WCSessionService.swift */,
				0937CA3D25447A1700BDDDD3 /* WCSessionMessage.swift */,
				092B0E891D45841F00085F99 /* CoreMotionService.swift */,
				09D7F1231E340EA7008FF0CC /* Constants.swift */,
				0967EB781E7F0ACE0073BF3F /* NotificationService.swift */,
				090829E124670EEF00F100D6 /* Trophy.swift */,
				099FE6FF234EB5300092D219 /* LoggingService.swift */,
				09B20DBC24A7AC3F0037B300 /* LogLevel.swift */,
				097FB10E23CDEAF5001621D4 /* DebugService.swift */,
				093A5F0423AEC870007D11E3 /* DebugLogEntry.swift */,
				09177BC4241D466E0095ECB4 /* ExportService.swift */,
				091714F025326B40001062E0 /* Plot.swift */,
				099582D0234192C400AF6A96 /* Localizable.strings */,
			);
			path = DuffyFramework;
			sourceTree = "<group>";
		};
		099C130F1DA336C80007C72F /* Frameworks */ = {
			isa = PBXGroup;
			children = (
				0961D904216A9BCF00F4AA88 /* ClockKit.framework */,
				099C13121DA336D50007C72F /* HealthKit.framework */,
				099C13101DA336C80007C72F /* HealthKit.framework */,
				09CE42C91E35525200A6E587 /* NotificationCenter.framework */,
			);
			name = Frameworks;
			sourceTree = "<group>";
		};
		09CE42CB1E35525200A6E587 /* DuffyToday */ = {
			isa = PBXGroup;
			children = (
				09CE42D91E35640E00A6E587 /* DuffyToday.entitlements */,
				09CE42CC1E35525200A6E587 /* TodayViewController.swift */,
				099497D9242191B9005E167C /* ProgressRingView.swift */,
				09CE42CE1E35525200A6E587 /* MainInterface.storyboard */,
				09CE42D11E35525200A6E587 /* Info.plist */,
				099497D7241EC84B005E167C /* Assets.xcassets */,
			);
			path = DuffyToday;
			sourceTree = "<group>";
		};
		09EEED7726063B98002731DB /* Old Today */ = {
			isa = PBXGroup;
			children = (
				09289C7F20DE0AD8005BF6B8 /* TodayHeaderView.swift */,
				09289C8120DE131E005BF6B8 /* TodayHeaderView.xib */,
				09CEA980212259040023786B /* DetailDataView.swift */,
				09CEA982212259200023786B /* DetailDataView.xib */,
				097085612127122B00790EC7 /* DistanceFlightsDetailViewController.swift */,
				097085622127122B00790EC7 /* DistanceFlightsDetailViewController.xib */,
			);
			path = "Old Today";
			sourceTree = "<group>";
		};
		09EEED8026063BE2002731DB /* Reusable */ = {
			isa = PBXGroup;
			children = (
				09BDDA6321978CD20078B749 /* ButtonFooterView.swift */,
				09BDDA6721979A940078B749 /* ModalNavigationController.swift */,
				094F1C5125EC60F0006A1E97 /* UINavigationController+URL.swift */,
				0900867220FA7673006540E7 /* BoldActionSectionHeaderView.swift */,
				0900866E20F27D0C006540E7 /* PreviousValueTableViewCell.swift */,
			);
			path = Reusable;
			sourceTree = "<group>";
		};
/* End PBXGroup section */

/* Begin PBXHeadersBuildPhase section */
		09323D001D2303BC00961822 /* Headers */ = {
			isa = PBXHeadersBuildPhase;
			buildActionMask = 2147483647;
			files = (
				09323D061D2303BC00961822 /* DuffyFramework.h in Headers */,
			);
			runOnlyForDeploymentPostprocessing = 0;
		};
		09323D111D2303DE00961822 /* Headers */ = {
			isa = PBXHeadersBuildPhase;
			buildActionMask = 2147483647;
			files = (
				09323D171D2303DE00961822 /* DuffyWatchFramework.h in Headers */,
			);
			runOnlyForDeploymentPostprocessing = 0;
		};
/* End PBXHeadersBuildPhase section */

/* Begin PBXNativeTarget section */
		09323C6C1D22C39700961822 /* Duffy */ = {
			isa = PBXNativeTarget;
			buildConfigurationList = 09323CA61D22C39700961822 /* Build configuration list for PBXNativeTarget "Duffy" */;
			buildPhases = (
				09323C691D22C39700961822 /* Sources */,
				09323C6A1D22C39700961822 /* Frameworks */,
				09323C6B1D22C39700961822 /* Resources */,
				09323CA51D22C39700961822 /* Embed Watch Content */,
				09323CD51D22C96B00961822 /* Embed Frameworks */,
				09CE42D81E35525200A6E587 /* Embed App Extensions */,
			);
			buildRules = (
			);
			dependencies = (
				09323C821D22C39700961822 /* PBXTargetDependency */,
				09323D091D2303BC00961822 /* PBXTargetDependency */,
				09CE42D31E35525200A6E587 /* PBXTargetDependency */,
			);
			name = Duffy;
			productName = Duffy;
			productReference = 09323C6D1D22C39700961822 /* Duffy.app */;
			productType = "com.apple.product-type.application";
		};
		09323C7E1D22C39700961822 /* Duffy WatchKit App */ = {
			isa = PBXNativeTarget;
			buildConfigurationList = 09323CA21D22C39700961822 /* Build configuration list for PBXNativeTarget "Duffy WatchKit App" */;
			buildPhases = (
				09323C7D1D22C39700961822 /* Resources */,
				09323CA11D22C39700961822 /* Embed App Extensions */,
			);
			buildRules = (
			);
			dependencies = (
				09323C911D22C39700961822 /* PBXTargetDependency */,
			);
			name = "Duffy WatchKit App";
			productName = "Duffy WatchKit App";
			productReference = 09323C7F1D22C39700961822 /* Duffy WatchKit App.app */;
			productType = "com.apple.product-type.application.watchapp2";
		};
		09323C8D1D22C39700961822 /* Duffy WatchKit Extension */ = {
			isa = PBXNativeTarget;
			buildConfigurationList = 09323C9E1D22C39700961822 /* Build configuration list for PBXNativeTarget "Duffy WatchKit Extension" */;
			buildPhases = (
				09323C8A1D22C39700961822 /* Sources */,
				09323C8B1D22C39700961822 /* Frameworks */,
				09323C8C1D22C39700961822 /* Resources */,
				09323D201D2303DE00961822 /* Embed Frameworks */,
			);
			buildRules = (
			);
			dependencies = (
				09323D1A1D2303DE00961822 /* PBXTargetDependency */,
			);
			name = "Duffy WatchKit Extension";
			productName = "Duffy WatchKit Extension";
			productReference = 09323C8E1D22C39700961822 /* Duffy WatchKit Extension.appex */;
			productType = "com.apple.product-type.watchkit2-extension";
		};
		09323D021D2303BC00961822 /* DuffyFramework */ = {
			isa = PBXNativeTarget;
			buildConfigurationList = 09323D0C1D2303BC00961822 /* Build configuration list for PBXNativeTarget "DuffyFramework" */;
			buildPhases = (
				09323CFE1D2303BC00961822 /* Sources */,
				09323CFF1D2303BC00961822 /* Frameworks */,
				09323D001D2303BC00961822 /* Headers */,
				09323D011D2303BC00961822 /* Resources */,
			);
			buildRules = (
			);
			dependencies = (
			);
			name = DuffyFramework;
			productName = DuffyFramework;
			productReference = 09323D031D2303BC00961822 /* DuffyFramework.framework */;
			productType = "com.apple.product-type.framework";
		};
		09323D131D2303DE00961822 /* DuffyWatchFramework */ = {
			isa = PBXNativeTarget;
			buildConfigurationList = 09323D1D1D2303DE00961822 /* Build configuration list for PBXNativeTarget "DuffyWatchFramework" */;
			buildPhases = (
				09323D0F1D2303DE00961822 /* Sources */,
				09323D101D2303DE00961822 /* Frameworks */,
				09323D111D2303DE00961822 /* Headers */,
				09323D121D2303DE00961822 /* Resources */,
			);
			buildRules = (
			);
			dependencies = (
			);
			name = DuffyWatchFramework;
			productName = DuffyWatchFramework;
			productReference = 09323D141D2303DE00961822 /* DuffyWatchFramework.framework */;
			productType = "com.apple.product-type.framework";
		};
		09CE42C71E35525200A6E587 /* DuffyToday */ = {
			isa = PBXNativeTarget;
			buildConfigurationList = 09CE42D51E35525200A6E587 /* Build configuration list for PBXNativeTarget "DuffyToday" */;
			buildPhases = (
				09CE42C41E35525200A6E587 /* Sources */,
				09CE42C51E35525200A6E587 /* Frameworks */,
				09CE42C61E35525200A6E587 /* Resources */,
			);
			buildRules = (
			);
			dependencies = (
			);
			name = DuffyToday;
			productName = DuffyToday;
			productReference = 09CE42C81E35525200A6E587 /* DuffyToday.appex */;
			productType = "com.apple.product-type.app-extension";
		};
/* End PBXNativeTarget section */

/* Begin PBXProject section */
		09323C651D22C39700961822 /* Project object */ = {
			isa = PBXProject;
			attributes = {
				LastSwiftUpdateCheck = 0820;
				LastUpgradeCheck = 1200;
				ORGANIZATIONNAME = "Big Blue Fly";
				TargetAttributes = {
					09323C6C1D22C39700961822 = {
						CreatedOnToolsVersion = 7.3.1;
						DevelopmentTeam = 2ZMUDMBY38;
						LastSwiftMigration = 1020;
						SystemCapabilities = {
							com.apple.ApplicationGroups.iOS = {
								enabled = 1;
							};
							com.apple.BackgroundModes = {
								enabled = 0;
							};
							com.apple.HealthKit = {
								enabled = 1;
							};
						};
					};
					09323C7E1D22C39700961822 = {
						CreatedOnToolsVersion = 7.3.1;
						DevelopmentTeam = 2ZMUDMBY38;
						LastSwiftMigration = 0800;
					};
					09323C8D1D22C39700961822 = {
						CreatedOnToolsVersion = 7.3.1;
						DevelopmentTeam = 2ZMUDMBY38;
						LastSwiftMigration = 1020;
						SystemCapabilities = {
							com.apple.HealthKit = {
								enabled = 1;
							};
						};
					};
					09323D021D2303BC00961822 = {
						CreatedOnToolsVersion = 7.3.1;
						DevelopmentTeam = 2ZMUDMBY38;
						LastSwiftMigration = 1020;
					};
					09323D131D2303DE00961822 = {
						CreatedOnToolsVersion = 7.3.1;
						DevelopmentTeam = 2ZMUDMBY38;
						LastSwiftMigration = 1020;
					};
					09CE42C71E35525200A6E587 = {
						CreatedOnToolsVersion = 8.2.1;
						DevelopmentTeam = 2ZMUDMBY38;
						LastSwiftMigration = 1020;
						ProvisioningStyle = Automatic;
						SystemCapabilities = {
							com.apple.ApplicationGroups.iOS = {
								enabled = 1;
							};
						};
					};
				};
			};
			buildConfigurationList = 09323C681D22C39700961822 /* Build configuration list for PBXProject "Duffy" */;
			compatibilityVersion = "Xcode 3.2";
			developmentRegion = en;
			hasScannedForEncodings = 0;
			knownRegions = (
				en,
				ja,
				Base,
			);
			mainGroup = 09323C641D22C39700961822;
			productRefGroup = 09323C6E1D22C39700961822 /* Products */;
			projectDirPath = "";
			projectRoot = "";
			targets = (
				09323C6C1D22C39700961822 /* Duffy */,
				09323C7E1D22C39700961822 /* Duffy WatchKit App */,
				09323C8D1D22C39700961822 /* Duffy WatchKit Extension */,
				09323D021D2303BC00961822 /* DuffyFramework */,
				09323D131D2303DE00961822 /* DuffyWatchFramework */,
				09CE42C71E35525200A6E587 /* DuffyToday */,
			);
		};
/* End PBXProject section */

/* Begin PBXResourcesBuildPhase section */
		09323C6B1D22C39700961822 /* Resources */ = {
			isa = PBXResourcesBuildPhase;
			buildActionMask = 2147483647;
			files = (
				09E1779A25F513EA0034A58F /* TrophyCollectionViewCell.xib in Resources */,
				09289C8220DE131E005BF6B8 /* TodayHeaderView.xib in Resources */,
				09CC4181231F3DC70029AAFB /* AboutTableViewFooter.xib in Resources */,
				099582C8234192A600AF6A96 /* Localizable.strings in Resources */,
				09EEED8726063E69002731DB /* MainTodayTableViewCell.xib in Resources */,
				0985E6EE24F2B4B1000B4A96 /* HistorySummaryTableViewCell.xib in Resources */,
				0921049E25BDC73500875BA9 /* LaunchShoe.storyboard in Resources */,
				09323C781D22C39700961822 /* Assets.xcassets in Resources */,
				0961D907216A9F2000F4AA88 /* duffy.ckcomplication in Resources */,
				094DE74225E1C9C6002C31FC /* GoalInstructionsTableViewCell.xib in Resources */,
				09CEA983212259200023786B /* DetailDataView.xib in Resources */,
				097085642127122B00790EC7 /* DistanceFlightsDetailViewController.xib in Resources */,
				094AAF8225D977EB00B145B8 /* Localizable.stringsdict in Resources */,
				09323C761D22C39700961822 /* Main.storyboard in Resources */,
				09EEED9826064BE1002731DB /* MainTodayItemView.xib in Resources */,
				09A7EEAE21A1E89A00DEDE5C /* HistoryTrendChartTableViewCell.xib in Resources */,
				092276E323569EB10015A1E6 /* HourGraphDetailViewController.xib in Resources */,
			);
			runOnlyForDeploymentPostprocessing = 0;
		};
		09323C7D1D22C39700961822 /* Resources */ = {
			isa = PBXResourcesBuildPhase;
			buildActionMask = 2147483647;
			files = (
				09A0D63125951273008977BD /* Interface.storyboard in Resources */,
				09323C881D22C39700961822 /* Assets.xcassets in Resources */,
			);
			runOnlyForDeploymentPostprocessing = 0;
		};
		09323C8C1D22C39700961822 /* Resources */ = {
			isa = PBXResourcesBuildPhase;
			buildActionMask = 2147483647;
			files = (
				09323C9A1D22C39700961822 /* Assets.xcassets in Resources */,
				099582CB234192BE00AF6A96 /* Localizable.strings in Resources */,
			);
			runOnlyForDeploymentPostprocessing = 0;
		};
		09323D011D2303BC00961822 /* Resources */ = {
			isa = PBXResourcesBuildPhase;
			buildActionMask = 2147483647;
			files = (
				099582CE234192C400AF6A96 /* Localizable.strings in Resources */,
			);
			runOnlyForDeploymentPostprocessing = 0;
		};
		09323D121D2303DE00961822 /* Resources */ = {
			isa = PBXResourcesBuildPhase;
			buildActionMask = 2147483647;
			files = (
				0903E60A235CEFE00049E071 /* Localizable.strings in Resources */,
			);
			runOnlyForDeploymentPostprocessing = 0;
		};
		09CE42C61E35525200A6E587 /* Resources */ = {
			isa = PBXResourcesBuildPhase;
			buildActionMask = 2147483647;
			files = (
				099497D8241EC84B005E167C /* Assets.xcassets in Resources */,
				0924297724311B580098B0AF /* Localizable.strings in Resources */,
				09CE42D01E35525200A6E587 /* MainInterface.storyboard in Resources */,
			);
			runOnlyForDeploymentPostprocessing = 0;
		};
/* End PBXResourcesBuildPhase section */

/* Begin PBXSourcesBuildPhase section */
		09323C691D22C39700961822 /* Sources */ = {
			isa = PBXSourcesBuildPhase;
			buildActionMask = 2147483647;
			files = (
				09E1778F25F3F6810034A58F /* TrophiesViewController.swift in Sources */,
				094DE74325E1C9C6002C31FC /* GoalInstructionsTableViewCell.swift in Sources */,
				094F1C5225EC60F0006A1E97 /* UINavigationController+URL.swift in Sources */,
				0900866F20F27D0C006540E7 /* PreviousValueTableViewCell.swift in Sources */,
				09CE42C11E353E7100A6E587 /* HistoryTableViewController.swift in Sources */,
				097085632127122B00790EC7 /* DistanceFlightsDetailViewController.swift in Sources */,
				09708599214D7A8000790EC7 /* HourGraphDetailViewController.swift in Sources */,
				09CC417F231F3DAD0029AAFB /* AboutTableViewFooter.swift in Sources */,
				0900867320FA7673006540E7 /* BoldActionSectionHeaderView.swift in Sources */,
				09E1779B25F513EA0034A58F /* TrophyCollectionViewCell.swift in Sources */,
				09A7EEAD21A1E89A00DEDE5C /* HistoryTrendChartTableViewCell.swift in Sources */,
				0970859C214DAB8900790EC7 /* HourGraphBarView.swift in Sources */,
				096FE0A825067FC700838BEE /* HistoryTrendChartLineOptionsTableViewController.swift in Sources */,
				092104B425BDD59800875BA9 /* GoalInstructions.swift in Sources */,
				09EEED9226064BD2002731DB /* MainTodayItemView.swift in Sources */,
				09CEA97F211F86DC0023786B /* HistoryTableViewFooter.swift in Sources */,
				097085A0214F16B600790EC7 /* AppRater.swift in Sources */,
				09323C711D22C39700961822 /* AppDelegate.swift in Sources */,
				0970859E214EAEB200790EC7 /* HourGraphMaxIndicatorView.swift in Sources */,
				0985E6EB24F174C2000B4A96 /* HistoryTrendChartOption.swift in Sources */,
				09A7EEB021A39D7100DEDE5C /* HistoryTrendChartView.swift in Sources */,
				09CEA981212259040023786B /* DetailDataView.swift in Sources */,
				094DE73725E1716D002C31FC /* GoalInstructionsTableViewHeader.swift in Sources */,
				09BDDA6821979A940078B749 /* ModalNavigationController.swift in Sources */,
				0985E6E924F162AC000B4A96 /* HistoryTrendChartOptionsTableViewController.swift in Sources */,
				09BDDA5E219116740078B749 /* AboutTableViewController.swift in Sources */,
				0900867120F282DE006540E7 /* Globals.swift in Sources */,
				0935D17E21A8D8E100B91009 /* HistoryFilterTableViewController.swift in Sources */,
				093A5F0823B26C1A007D11E3 /* DebugLogTableViewController.swift in Sources */,
				094DE71D25E088E7002C31FC /* AboutFooterView.swift in Sources */,
				09289C7E20DDFF56005BF6B8 /* MainTableViewController.swift in Sources */,
				097E84FF25DC65D1008D9205 /* GoalInstructionsTableViewController.swift in Sources */,
				09BDDA6421978CD20078B749 /* ButtonFooterView.swift in Sources */,
				09289C8020DE0AD8005BF6B8 /* TodayHeaderView.swift in Sources */,
				0985E6EF24F2B4B1000B4A96 /* HistorySummaryTableViewCell.swift in Sources */,
				09EEED8826063E69002731DB /* MainTodayTableViewCell.swift in Sources */,
			);
			runOnlyForDeploymentPostprocessing = 0;
		};
		09323C8A1D22C39700961822 /* Sources */ = {
			isa = PBXSourcesBuildPhase;
			buildActionMask = 2147483647;
			files = (
				0955EBF3255851820047D791 /* RingDrawer.swift in Sources */,
				09323C961D22C39700961822 /* ExtensionDelegate.swift in Sources */,
				0930F7DF25696C7B006123FB /* SetGoalInterfaceController.swift in Sources */,
				0947AA9C1D4EB1D80040E1DD /* SummaryInterfaceController.swift in Sources */,
				09289C7820D873F9005BF6B8 /* GoalNotificationInterfaceController.swift in Sources */,
				098D0091259E188A005FE945 /* Globals.swift in Sources */,
				091714CF25290B8D001062E0 /* ChartDrawer.swift in Sources */,
				0947AA9E1D4EB24A0040E1DD /* WeekRowController.swift in Sources */,
				09824A8C1EA66C74002A4A84 /* LegacyEditGoalInterfaceController.swift in Sources */,
				09323C941D22C39700961822 /* MainInterfaceController.swift in Sources */,
				09323C981D22C39700961822 /* ComplicationController.swift in Sources */,
			);
			runOnlyForDeploymentPostprocessing = 0;
		};
		09323CFE1D2303BC00961822 /* Sources */ = {
			isa = PBXSourcesBuildPhase;
			buildActionMask = 2147483647;
			files = (
				09D7F1241E340EA7008FF0CC /* Constants.swift in Sources */,
				0929A6C724E6F1DC00780004 /* AggregateCollections.swift in Sources */,
				096FE0AA250E75FF00838BEE /* StepsProcessingService.swift in Sources */,
				0937CA3E25447A1700BDDDD3 /* WCSessionMessage.swift in Sources */,
				09AACE271D318A390058A814 /* HealthCache.swift in Sources */,
				096FE09C2503CA6500838BEE /* Date.swift in Sources */,
				090829E224670EEF00F100D6 /* Trophy.swift in Sources */,
				0929A6CA24E6FF3300780004 /* HealthKitError.swift in Sources */,
				0967EB791E7F0ACE0073BF3F /* NotificationService.swift in Sources */,
				09AACE2A1D318E5D0058A814 /* WCSessionService.swift in Sources */,
				092B0E8A1D45841F00085F99 /* CoreMotionService.swift in Sources */,
				09B20DBD24A7AC400037B300 /* LogLevel.swift in Sources */,
				097FB10F23CDEAF5001621D4 /* DebugService.swift in Sources */,
				093A5F0523AEC870007D11E3 /* DebugLogEntry.swift in Sources */,
				0929A6CD24E7128F00780004 /* Types.swift in Sources */,
				09323D221D23040100961822 /* HealthKitService.swift in Sources */,
				09177BC5241D466F0095ECB4 /* ExportService.swift in Sources */,
				091714F125326B40001062E0 /* Plot.swift in Sources */,
				099FE700234EB5300092D219 /* LoggingService.swift in Sources */,
			);
			runOnlyForDeploymentPostprocessing = 0;
		};
		09323D0F1D2303DE00961822 /* Sources */ = {
			isa = PBXSourcesBuildPhase;
			buildActionMask = 2147483647;
			files = (
				09D7F1251E340EA7008FF0CC /* Constants.swift in Sources */,
				0929A6C824E6F1DC00780004 /* AggregateCollections.swift in Sources */,
				096FE0AB250E75FF00838BEE /* StepsProcessingService.swift in Sources */,
				0937CA3F25447A1700BDDDD3 /* WCSessionMessage.swift in Sources */,
				09AACE281D318A390058A814 /* HealthCache.swift in Sources */,
				096FE09D2503CA6500838BEE /* Date.swift in Sources */,
				090829E324670EEF00F100D6 /* Trophy.swift in Sources */,
				0929A6CB24E6FF3300780004 /* HealthKitError.swift in Sources */,
				0967EB7A1E7F0ACE0073BF3F /* NotificationService.swift in Sources */,
				09AACE2B1D318E5D0058A814 /* WCSessionService.swift in Sources */,
				092B0E8B1D45841F00085F99 /* CoreMotionService.swift in Sources */,
				09B20DBE24A7AC400037B300 /* LogLevel.swift in Sources */,
				097FB11023CDEAF5001621D4 /* DebugService.swift in Sources */,
				093A5F0623AEC870007D11E3 /* DebugLogEntry.swift in Sources */,
				0929A6CE24E7128F00780004 /* Types.swift in Sources */,
				09323D231D23040100961822 /* HealthKitService.swift in Sources */,
				09177BC6241D466F0095ECB4 /* ExportService.swift in Sources */,
				091714F225326B40001062E0 /* Plot.swift in Sources */,
				099FE701234EB5300092D219 /* LoggingService.swift in Sources */,
			);
			runOnlyForDeploymentPostprocessing = 0;
		};
		09CE42C41E35525200A6E587 /* Sources */ = {
			isa = PBXSourcesBuildPhase;
			buildActionMask = 2147483647;
			files = (
				09CE42CD1E35525200A6E587 /* TodayViewController.swift in Sources */,
				099497DA242191B9005E167C /* ProgressRingView.swift in Sources */,
			);
			runOnlyForDeploymentPostprocessing = 0;
		};
/* End PBXSourcesBuildPhase section */

/* Begin PBXTargetDependency section */
		09323C821D22C39700961822 /* PBXTargetDependency */ = {
			isa = PBXTargetDependency;
			target = 09323C7E1D22C39700961822 /* Duffy WatchKit App */;
			targetProxy = 09323C811D22C39700961822 /* PBXContainerItemProxy */;
		};
		09323C911D22C39700961822 /* PBXTargetDependency */ = {
			isa = PBXTargetDependency;
			target = 09323C8D1D22C39700961822 /* Duffy WatchKit Extension */;
			targetProxy = 09323C901D22C39700961822 /* PBXContainerItemProxy */;
		};
		09323D091D2303BC00961822 /* PBXTargetDependency */ = {
			isa = PBXTargetDependency;
			target = 09323D021D2303BC00961822 /* DuffyFramework */;
			targetProxy = 09323D081D2303BC00961822 /* PBXContainerItemProxy */;
		};
		09323D1A1D2303DE00961822 /* PBXTargetDependency */ = {
			isa = PBXTargetDependency;
			target = 09323D131D2303DE00961822 /* DuffyWatchFramework */;
			targetProxy = 09323D191D2303DE00961822 /* PBXContainerItemProxy */;
		};
		09CE42D31E35525200A6E587 /* PBXTargetDependency */ = {
			isa = PBXTargetDependency;
			target = 09CE42C71E35525200A6E587 /* DuffyToday */;
			targetProxy = 09CE42D21E35525200A6E587 /* PBXContainerItemProxy */;
		};
/* End PBXTargetDependency section */

/* Begin PBXVariantGroup section */
		092276E523569EB10015A1E6 /* HourGraphDetailViewController.xib */ = {
			isa = PBXVariantGroup;
			children = (
				092276E623569EB20015A1E6 /* ja */,
				0903E604235BCAED0049E071 /* Base */,
			);
			name = HourGraphDetailViewController.xib;
			sourceTree = "<group>";
		};
		09323C741D22C39700961822 /* Main.storyboard */ = {
			isa = PBXVariantGroup;
			children = (
				099582D1234192E900AF6A96 /* ja */,
				0903E606235BCAED0049E071 /* Base */,
			);
			name = Main.storyboard;
			sourceTree = "<group>";
		};
		094AAF8425D977EB00B145B8 /* Localizable.stringsdict */ = {
			isa = PBXVariantGroup;
			children = (
				094AAF8325D977EB00B145B8 /* en */,
				094AAF8925D977EF00B145B8 /* ja */,
			);
			name = Localizable.stringsdict;
			sourceTree = "<group>";
		};
		099582CA234192A600AF6A96 /* Localizable.strings */ = {
			isa = PBXVariantGroup;
			children = (
				099582C9234192A600AF6A96 /* en */,
				099582D3234192E900AF6A96 /* ja */,
			);
			name = Localizable.strings;
			sourceTree = "<group>";
		};
		099582CD234192BE00AF6A96 /* Localizable.strings */ = {
			isa = PBXVariantGroup;
			children = (
				099582CC234192BE00AF6A96 /* en */,
				099582D5234192EA00AF6A96 /* ja */,
			);
			name = Localizable.strings;
			sourceTree = "<group>";
		};
		099582D0234192C400AF6A96 /* Localizable.strings */ = {
			isa = PBXVariantGroup;
			children = (
				099582CF234192C400AF6A96 /* en */,
				099582D6234192EA00AF6A96 /* ja */,
			);
			name = Localizable.strings;
			sourceTree = "<group>";
		};
		09CE42CE1E35525200A6E587 /* MainInterface.storyboard */ = {
			isa = PBXVariantGroup;
			children = (
				0903E609235BCAED0049E071 /* Base */,
			);
			name = MainInterface.storyboard;
			sourceTree = "<group>";
		};
/* End PBXVariantGroup section */

/* Begin XCBuildConfiguration section */
		09323C9C1D22C39700961822 /* Debug */ = {
			isa = XCBuildConfiguration;
			buildSettings = {
				ALWAYS_SEARCH_USER_PATHS = NO;
				CLANG_ANALYZER_LOCALIZABILITY_NONLOCALIZED = YES;
				CLANG_ANALYZER_NONNULL = YES;
				CLANG_CXX_LANGUAGE_STANDARD = "gnu++0x";
				CLANG_CXX_LIBRARY = "libc++";
				CLANG_ENABLE_MODULES = YES;
				CLANG_ENABLE_OBJC_ARC = YES;
				CLANG_WARN_BLOCK_CAPTURE_AUTORELEASING = YES;
				CLANG_WARN_BOOL_CONVERSION = YES;
				CLANG_WARN_COMMA = YES;
				CLANG_WARN_CONSTANT_CONVERSION = YES;
				CLANG_WARN_DEPRECATED_OBJC_IMPLEMENTATIONS = YES;
				CLANG_WARN_DIRECT_OBJC_ISA_USAGE = YES_ERROR;
				CLANG_WARN_EMPTY_BODY = YES;
				CLANG_WARN_ENUM_CONVERSION = YES;
				CLANG_WARN_INFINITE_RECURSION = YES;
				CLANG_WARN_INT_CONVERSION = YES;
				CLANG_WARN_NON_LITERAL_NULL_CONVERSION = YES;
				CLANG_WARN_OBJC_IMPLICIT_RETAIN_SELF = YES;
				CLANG_WARN_OBJC_LITERAL_CONVERSION = YES;
				CLANG_WARN_OBJC_ROOT_CLASS = YES_ERROR;
				CLANG_WARN_QUOTED_INCLUDE_IN_FRAMEWORK_HEADER = YES;
				CLANG_WARN_RANGE_LOOP_ANALYSIS = YES;
				CLANG_WARN_STRICT_PROTOTYPES = YES;
				CLANG_WARN_SUSPICIOUS_MOVE = YES;
				CLANG_WARN_UNREACHABLE_CODE = YES;
				CLANG_WARN__DUPLICATE_METHOD_MATCH = YES;
				"CODE_SIGN_IDENTITY[sdk=iphoneos*]" = "iPhone Developer";
				COPY_PHASE_STRIP = NO;
				DEBUG_INFORMATION_FORMAT = dwarf;
				ENABLE_STRICT_OBJC_MSGSEND = YES;
				ENABLE_TESTABILITY = YES;
				GCC_C_LANGUAGE_STANDARD = gnu99;
				GCC_DYNAMIC_NO_PIC = NO;
				GCC_NO_COMMON_BLOCKS = YES;
				GCC_OPTIMIZATION_LEVEL = 0;
				GCC_PREPROCESSOR_DEFINITIONS = (
					"DEBUG=1",
					"$(inherited)",
				);
				GCC_WARN_64_TO_32_BIT_CONVERSION = YES;
				GCC_WARN_ABOUT_RETURN_TYPE = YES_ERROR;
				GCC_WARN_UNDECLARED_SELECTOR = YES;
				GCC_WARN_UNINITIALIZED_AUTOS = YES_AGGRESSIVE;
				GCC_WARN_UNUSED_FUNCTION = YES;
				GCC_WARN_UNUSED_VARIABLE = YES;
				IPHONEOS_DEPLOYMENT_TARGET = 12.0;
				MTL_ENABLE_DEBUG_INFO = YES;
				ONLY_ACTIVE_ARCH = YES;
				SDKROOT = iphoneos;
				SWIFT_OPTIMIZATION_LEVEL = "-Onone";
			};
			name = Debug;
		};
		09323C9D1D22C39700961822 /* Release */ = {
			isa = XCBuildConfiguration;
			buildSettings = {
				ALWAYS_SEARCH_USER_PATHS = NO;
				CLANG_ANALYZER_LOCALIZABILITY_NONLOCALIZED = YES;
				CLANG_ANALYZER_NONNULL = YES;
				CLANG_CXX_LANGUAGE_STANDARD = "gnu++0x";
				CLANG_CXX_LIBRARY = "libc++";
				CLANG_ENABLE_MODULES = YES;
				CLANG_ENABLE_OBJC_ARC = YES;
				CLANG_WARN_BLOCK_CAPTURE_AUTORELEASING = YES;
				CLANG_WARN_BOOL_CONVERSION = YES;
				CLANG_WARN_COMMA = YES;
				CLANG_WARN_CONSTANT_CONVERSION = YES;
				CLANG_WARN_DEPRECATED_OBJC_IMPLEMENTATIONS = YES;
				CLANG_WARN_DIRECT_OBJC_ISA_USAGE = YES_ERROR;
				CLANG_WARN_EMPTY_BODY = YES;
				CLANG_WARN_ENUM_CONVERSION = YES;
				CLANG_WARN_INFINITE_RECURSION = YES;
				CLANG_WARN_INT_CONVERSION = YES;
				CLANG_WARN_NON_LITERAL_NULL_CONVERSION = YES;
				CLANG_WARN_OBJC_IMPLICIT_RETAIN_SELF = YES;
				CLANG_WARN_OBJC_LITERAL_CONVERSION = YES;
				CLANG_WARN_OBJC_ROOT_CLASS = YES_ERROR;
				CLANG_WARN_QUOTED_INCLUDE_IN_FRAMEWORK_HEADER = YES;
				CLANG_WARN_RANGE_LOOP_ANALYSIS = YES;
				CLANG_WARN_STRICT_PROTOTYPES = YES;
				CLANG_WARN_SUSPICIOUS_MOVE = YES;
				CLANG_WARN_UNREACHABLE_CODE = YES;
				CLANG_WARN__DUPLICATE_METHOD_MATCH = YES;
				"CODE_SIGN_IDENTITY[sdk=iphoneos*]" = "iPhone Developer";
				COPY_PHASE_STRIP = NO;
				DEBUG_INFORMATION_FORMAT = "dwarf-with-dsym";
				ENABLE_NS_ASSERTIONS = NO;
				ENABLE_STRICT_OBJC_MSGSEND = YES;
				GCC_C_LANGUAGE_STANDARD = gnu99;
				GCC_NO_COMMON_BLOCKS = YES;
				GCC_WARN_64_TO_32_BIT_CONVERSION = YES;
				GCC_WARN_ABOUT_RETURN_TYPE = YES_ERROR;
				GCC_WARN_UNDECLARED_SELECTOR = YES;
				GCC_WARN_UNINITIALIZED_AUTOS = YES_AGGRESSIVE;
				GCC_WARN_UNUSED_FUNCTION = YES;
				GCC_WARN_UNUSED_VARIABLE = YES;
				IPHONEOS_DEPLOYMENT_TARGET = 12.0;
				MTL_ENABLE_DEBUG_INFO = NO;
				SDKROOT = iphoneos;
				SWIFT_OPTIMIZATION_LEVEL = "-Owholemodule";
				VALIDATE_PRODUCT = YES;
			};
			name = Release;
		};
		09323C9F1D22C39700961822 /* Debug */ = {
			isa = XCBuildConfiguration;
			buildSettings = {
				ALWAYS_EMBED_SWIFT_STANDARD_LIBRARIES = YES;
				ASSETCATALOG_COMPILER_COMPLICATION_NAME = Complication;
				CODE_SIGN_ENTITLEMENTS = "Duffy WatchKit Extension/Duffy WatchKit Extension.entitlements";
				CODE_SIGN_IDENTITY = "iPhone Developer";
				CURRENT_PROJECT_VERSION = 24;
				INFOPLIST_FILE = "Duffy WatchKit Extension/Info.plist";
				LD_RUNPATH_SEARCH_PATHS = "$(inherited) @executable_path/Frameworks @executable_path/../../Frameworks";
				MARKETING_VERSION = 3.5.1;
				PRODUCT_BUNDLE_IDENTIFIER = com.bigbluefly.Duffy.watchkitapp.watchkitextension;
				PRODUCT_NAME = "${TARGET_NAME}";
				SDKROOT = watchos;
				SKIP_INSTALL = YES;
				SWIFT_VERSION = 5.0;
				TARGETED_DEVICE_FAMILY = 4;
				WATCHOS_DEPLOYMENT_TARGET = 4.0;
			};
			name = Debug;
		};
		09323CA01D22C39700961822 /* Release */ = {
			isa = XCBuildConfiguration;
			buildSettings = {
				ALWAYS_EMBED_SWIFT_STANDARD_LIBRARIES = YES;
				ASSETCATALOG_COMPILER_COMPLICATION_NAME = Complication;
				CODE_SIGN_ENTITLEMENTS = "Duffy WatchKit Extension/Duffy WatchKit Extension.entitlements";
				CODE_SIGN_IDENTITY = "iPhone Developer";
				CURRENT_PROJECT_VERSION = 24;
				INFOPLIST_FILE = "Duffy WatchKit Extension/Info.plist";
				LD_RUNPATH_SEARCH_PATHS = "$(inherited) @executable_path/Frameworks @executable_path/../../Frameworks";
				MARKETING_VERSION = 3.5.1;
				PRODUCT_BUNDLE_IDENTIFIER = com.bigbluefly.Duffy.watchkitapp.watchkitextension;
				PRODUCT_NAME = "${TARGET_NAME}";
				SDKROOT = watchos;
				SKIP_INSTALL = YES;
				SWIFT_VERSION = 5.0;
				TARGETED_DEVICE_FAMILY = 4;
				WATCHOS_DEPLOYMENT_TARGET = 4.0;
			};
			name = Release;
		};
		09323CA31D22C39700961822 /* Debug */ = {
			isa = XCBuildConfiguration;
			buildSettings = {
				ALWAYS_EMBED_SWIFT_STANDARD_LIBRARIES = NO;
				ASSETCATALOG_COMPILER_APPICON_NAME = AppIcon;
				CODE_SIGN_IDENTITY = "iPhone Developer";
				CURRENT_PROJECT_VERSION = 24;
				IBSC_MODULE = Duffy_WatchKit_Extension;
				INFOPLIST_FILE = "Duffy WatchKit App/Info.plist";
				MARKETING_VERSION = 3.5.1;
				PRODUCT_BUNDLE_IDENTIFIER = com.bigbluefly.Duffy.watchkitapp;
				PRODUCT_NAME = "$(TARGET_NAME)";
				SDKROOT = watchos;
				SKIP_INSTALL = YES;
				SWIFT_VERSION = 3.0;
				TARGETED_DEVICE_FAMILY = 4;
				WATCHOS_DEPLOYMENT_TARGET = 4.0;
			};
			name = Debug;
		};
		09323CA41D22C39700961822 /* Release */ = {
			isa = XCBuildConfiguration;
			buildSettings = {
				ALWAYS_EMBED_SWIFT_STANDARD_LIBRARIES = NO;
				ASSETCATALOG_COMPILER_APPICON_NAME = AppIcon;
				CODE_SIGN_IDENTITY = "iPhone Developer";
				CURRENT_PROJECT_VERSION = 24;
				IBSC_MODULE = Duffy_WatchKit_Extension;
				INFOPLIST_FILE = "Duffy WatchKit App/Info.plist";
				MARKETING_VERSION = 3.5.1;
				PRODUCT_BUNDLE_IDENTIFIER = com.bigbluefly.Duffy.watchkitapp;
				PRODUCT_NAME = "$(TARGET_NAME)";
				SDKROOT = watchos;
				SKIP_INSTALL = YES;
				SWIFT_VERSION = 3.0;
				TARGETED_DEVICE_FAMILY = 4;
				WATCHOS_DEPLOYMENT_TARGET = 4.0;
			};
			name = Release;
		};
		09323CA71D22C39700961822 /* Debug */ = {
			isa = XCBuildConfiguration;
			buildSettings = {
				ALWAYS_EMBED_SWIFT_STANDARD_LIBRARIES = YES;
				ASSETCATALOG_COMPILER_APPICON_NAME = AppIcon;
				CODE_SIGN_ENTITLEMENTS = Duffy/Duffy.entitlements;
				CODE_SIGN_IDENTITY = "iPhone Developer";
				CURRENT_PROJECT_VERSION = 24;
				DEVELOPMENT_TEAM = 2ZMUDMBY38;
				INFOPLIST_FILE = Duffy/Info.plist;
				IPHONEOS_DEPLOYMENT_TARGET = 12.0;
				LD_RUNPATH_SEARCH_PATHS = "$(inherited) @executable_path/Frameworks";
				MARKETING_VERSION = 3.5.1;
				PRODUCT_BUNDLE_IDENTIFIER = com.bigbluefly.Duffy;
				PRODUCT_NAME = "$(TARGET_NAME)";
				SWIFT_VERSION = 5.0;
			};
			name = Debug;
		};
		09323CA81D22C39700961822 /* Release */ = {
			isa = XCBuildConfiguration;
			buildSettings = {
				ALWAYS_EMBED_SWIFT_STANDARD_LIBRARIES = YES;
				ASSETCATALOG_COMPILER_APPICON_NAME = AppIcon;
				CODE_SIGN_ENTITLEMENTS = Duffy/Duffy.entitlements;
				CODE_SIGN_IDENTITY = "iPhone Developer";
				CURRENT_PROJECT_VERSION = 24;
				DEVELOPMENT_TEAM = 2ZMUDMBY38;
				INFOPLIST_FILE = Duffy/Info.plist;
				IPHONEOS_DEPLOYMENT_TARGET = 12.0;
				LD_RUNPATH_SEARCH_PATHS = "$(inherited) @executable_path/Frameworks";
				MARKETING_VERSION = 3.5.1;
				PRODUCT_BUNDLE_IDENTIFIER = com.bigbluefly.Duffy;
				PRODUCT_NAME = "$(TARGET_NAME)";
				SWIFT_VERSION = 5.0;
			};
			name = Release;
		};
		09323D0D1D2303BC00961822 /* Debug */ = {
			isa = XCBuildConfiguration;
			buildSettings = {
				CLANG_ENABLE_MODULES = YES;
				CODE_SIGN_IDENTITY = "";
				"CODE_SIGN_IDENTITY[sdk=iphoneos*]" = "";
				CURRENT_PROJECT_VERSION = 1;
				DEFINES_MODULE = YES;
				DYLIB_COMPATIBILITY_VERSION = 1;
				DYLIB_CURRENT_VERSION = 1;
				DYLIB_INSTALL_NAME_BASE = "@rpath";
				INFOPLIST_FILE = DuffyFramework/Info.plist;
				INSTALL_PATH = "$(LOCAL_LIBRARY_DIR)/Frameworks";
				IPHONEOS_DEPLOYMENT_TARGET = 12.0;
				LD_RUNPATH_SEARCH_PATHS = "$(inherited) @executable_path/Frameworks @loader_path/Frameworks";
				PRODUCT_BUNDLE_IDENTIFIER = com.bigbluefly.DuffyFramework;
				PRODUCT_NAME = "$(TARGET_NAME)";
				SKIP_INSTALL = YES;
				SWIFT_OPTIMIZATION_LEVEL = "-Onone";
				SWIFT_VERSION = 5.0;
				TARGETED_DEVICE_FAMILY = "1,2";
				VERSIONING_SYSTEM = "apple-generic";
				VERSION_INFO_PREFIX = "";
			};
			name = Debug;
		};
		09323D0E1D2303BC00961822 /* Release */ = {
			isa = XCBuildConfiguration;
			buildSettings = {
				CLANG_ENABLE_MODULES = YES;
				CODE_SIGN_IDENTITY = "";
				"CODE_SIGN_IDENTITY[sdk=iphoneos*]" = "";
				CURRENT_PROJECT_VERSION = 1;
				DEFINES_MODULE = YES;
				DYLIB_COMPATIBILITY_VERSION = 1;
				DYLIB_CURRENT_VERSION = 1;
				DYLIB_INSTALL_NAME_BASE = "@rpath";
				INFOPLIST_FILE = DuffyFramework/Info.plist;
				INSTALL_PATH = "$(LOCAL_LIBRARY_DIR)/Frameworks";
				IPHONEOS_DEPLOYMENT_TARGET = 12.0;
				LD_RUNPATH_SEARCH_PATHS = "$(inherited) @executable_path/Frameworks @loader_path/Frameworks";
				PRODUCT_BUNDLE_IDENTIFIER = com.bigbluefly.DuffyFramework;
				PRODUCT_NAME = "$(TARGET_NAME)";
				SKIP_INSTALL = YES;
				SWIFT_VERSION = 5.0;
				TARGETED_DEVICE_FAMILY = "1,2";
				VERSIONING_SYSTEM = "apple-generic";
				VERSION_INFO_PREFIX = "";
			};
			name = Release;
		};
		09323D1E1D2303DE00961822 /* Debug */ = {
			isa = XCBuildConfiguration;
			buildSettings = {
				APPLICATION_EXTENSION_API_ONLY = YES;
				CLANG_ENABLE_MODULES = YES;
				CODE_SIGN_IDENTITY = "";
				"CODE_SIGN_IDENTITY[sdk=watchos*]" = "";
				CURRENT_PROJECT_VERSION = 1;
				DEFINES_MODULE = YES;
				DYLIB_COMPATIBILITY_VERSION = 1;
				DYLIB_CURRENT_VERSION = 1;
				DYLIB_INSTALL_NAME_BASE = "@rpath";
				INFOPLIST_FILE = DuffyFramework/Info.plist;
				INSTALL_PATH = "$(LOCAL_LIBRARY_DIR)/Frameworks";
				LD_RUNPATH_SEARCH_PATHS = "$(inherited) @executable_path/Frameworks @loader_path/Frameworks";
				PRODUCT_BUNDLE_IDENTIFIER = com.bigbluefly.DuffyWatchFramework;
				PRODUCT_NAME = "$(TARGET_NAME)";
				SDKROOT = watchos;
				SKIP_INSTALL = YES;
				SWIFT_OPTIMIZATION_LEVEL = "-Onone";
				SWIFT_VERSION = 5.0;
				TARGETED_DEVICE_FAMILY = 4;
				VERSIONING_SYSTEM = "apple-generic";
				VERSION_INFO_PREFIX = "";
				WATCHOS_DEPLOYMENT_TARGET = 4.0;
			};
			name = Debug;
		};
		09323D1F1D2303DE00961822 /* Release */ = {
			isa = XCBuildConfiguration;
			buildSettings = {
				APPLICATION_EXTENSION_API_ONLY = YES;
				CLANG_ENABLE_MODULES = YES;
				CODE_SIGN_IDENTITY = "";
				"CODE_SIGN_IDENTITY[sdk=watchos*]" = "";
				CURRENT_PROJECT_VERSION = 1;
				DEFINES_MODULE = YES;
				DYLIB_COMPATIBILITY_VERSION = 1;
				DYLIB_CURRENT_VERSION = 1;
				DYLIB_INSTALL_NAME_BASE = "@rpath";
				INFOPLIST_FILE = DuffyFramework/Info.plist;
				INSTALL_PATH = "$(LOCAL_LIBRARY_DIR)/Frameworks";
				LD_RUNPATH_SEARCH_PATHS = "$(inherited) @executable_path/Frameworks @loader_path/Frameworks";
				PRODUCT_BUNDLE_IDENTIFIER = com.bigbluefly.DuffyWatchFramework;
				PRODUCT_NAME = "$(TARGET_NAME)";
				SDKROOT = watchos;
				SKIP_INSTALL = YES;
				SWIFT_VERSION = 5.0;
				TARGETED_DEVICE_FAMILY = 4;
				VERSIONING_SYSTEM = "apple-generic";
				VERSION_INFO_PREFIX = "";
				WATCHOS_DEPLOYMENT_TARGET = 4.0;
			};
			name = Release;
		};
		09CE42D61E35525200A6E587 /* Debug */ = {
			isa = XCBuildConfiguration;
			buildSettings = {
				APPLICATION_EXTENSION_API_ONLY = NO;
				CLANG_WARN_DOCUMENTATION_COMMENTS = YES;
				CODE_SIGN_ENTITLEMENTS = DuffyToday/DuffyToday.entitlements;
				CODE_SIGN_IDENTITY = "iPhone Developer";
				CURRENT_PROJECT_VERSION = 24;
				DEVELOPMENT_TEAM = 2ZMUDMBY38;
				INFOPLIST_FILE = DuffyToday/Info.plist;
				IPHONEOS_DEPLOYMENT_TARGET = 12.0;
				LD_RUNPATH_SEARCH_PATHS = "$(inherited) @executable_path/Frameworks @executable_path/../../Frameworks";
				MARKETING_VERSION = 3.5.1;
				PRODUCT_BUNDLE_IDENTIFIER = com.bigbluefly.Duffy.DuffyToday;
				PRODUCT_NAME = "$(TARGET_NAME)";
				SKIP_INSTALL = YES;
				SWIFT_ACTIVE_COMPILATION_CONDITIONS = DEBUG;
				SWIFT_VERSION = 5.0;
			};
			name = Debug;
		};
		09CE42D71E35525200A6E587 /* Release */ = {
			isa = XCBuildConfiguration;
			buildSettings = {
				APPLICATION_EXTENSION_API_ONLY = NO;
				CLANG_WARN_DOCUMENTATION_COMMENTS = YES;
				CODE_SIGN_ENTITLEMENTS = DuffyToday/DuffyToday.entitlements;
				CODE_SIGN_IDENTITY = "iPhone Developer";
				CURRENT_PROJECT_VERSION = 24;
				DEVELOPMENT_TEAM = 2ZMUDMBY38;
				INFOPLIST_FILE = DuffyToday/Info.plist;
				IPHONEOS_DEPLOYMENT_TARGET = 12.0;
				LD_RUNPATH_SEARCH_PATHS = "$(inherited) @executable_path/Frameworks @executable_path/../../Frameworks";
				MARKETING_VERSION = 3.5.1;
				PRODUCT_BUNDLE_IDENTIFIER = com.bigbluefly.Duffy.DuffyToday;
				PRODUCT_NAME = "$(TARGET_NAME)";
				SKIP_INSTALL = YES;
				SWIFT_VERSION = 5.0;
			};
			name = Release;
		};
/* End XCBuildConfiguration section */

/* Begin XCConfigurationList section */
		09323C681D22C39700961822 /* Build configuration list for PBXProject "Duffy" */ = {
			isa = XCConfigurationList;
			buildConfigurations = (
				09323C9C1D22C39700961822 /* Debug */,
				09323C9D1D22C39700961822 /* Release */,
			);
			defaultConfigurationIsVisible = 0;
			defaultConfigurationName = Release;
		};
		09323C9E1D22C39700961822 /* Build configuration list for PBXNativeTarget "Duffy WatchKit Extension" */ = {
			isa = XCConfigurationList;
			buildConfigurations = (
				09323C9F1D22C39700961822 /* Debug */,
				09323CA01D22C39700961822 /* Release */,
			);
			defaultConfigurationIsVisible = 0;
			defaultConfigurationName = Release;
		};
		09323CA21D22C39700961822 /* Build configuration list for PBXNativeTarget "Duffy WatchKit App" */ = {
			isa = XCConfigurationList;
			buildConfigurations = (
				09323CA31D22C39700961822 /* Debug */,
				09323CA41D22C39700961822 /* Release */,
			);
			defaultConfigurationIsVisible = 0;
			defaultConfigurationName = Release;
		};
		09323CA61D22C39700961822 /* Build configuration list for PBXNativeTarget "Duffy" */ = {
			isa = XCConfigurationList;
			buildConfigurations = (
				09323CA71D22C39700961822 /* Debug */,
				09323CA81D22C39700961822 /* Release */,
			);
			defaultConfigurationIsVisible = 0;
			defaultConfigurationName = Release;
		};
		09323D0C1D2303BC00961822 /* Build configuration list for PBXNativeTarget "DuffyFramework" */ = {
			isa = XCConfigurationList;
			buildConfigurations = (
				09323D0D1D2303BC00961822 /* Debug */,
				09323D0E1D2303BC00961822 /* Release */,
			);
			defaultConfigurationIsVisible = 0;
			defaultConfigurationName = Release;
		};
		09323D1D1D2303DE00961822 /* Build configuration list for PBXNativeTarget "DuffyWatchFramework" */ = {
			isa = XCConfigurationList;
			buildConfigurations = (
				09323D1E1D2303DE00961822 /* Debug */,
				09323D1F1D2303DE00961822 /* Release */,
			);
			defaultConfigurationIsVisible = 0;
			defaultConfigurationName = Release;
		};
		09CE42D51E35525200A6E587 /* Build configuration list for PBXNativeTarget "DuffyToday" */ = {
			isa = XCConfigurationList;
			buildConfigurations = (
				09CE42D61E35525200A6E587 /* Debug */,
				09CE42D71E35525200A6E587 /* Release */,
			);
			defaultConfigurationIsVisible = 0;
			defaultConfigurationName = Release;
		};
/* End XCConfigurationList section */
	};
	rootObject = 09323C651D22C39700961822 /* Project object */;
}
